
Microsoft Visual Studio Solution File, Format Version 12.00
# Visual Studio Version 17
VisualStudioVersion = 17.5.33414.496
MinimumVisualStudioVersion = 10.0.40219.1
Project("{9A19103F-16F7-4668-BE54-9A1E7A4F7556}") = "ClassBoxData", "ClassBoxData\ClassBoxData.csproj", "{C8DB03FF-FA5F-4972-808F-BB3975FF10D0}"
EndProject
Project("{9A19103F-16F7-4668-BE54-9A1E7A4F7556}") = "AnimalFarm", "AnimalFarm\AnimalFarm.csproj", "{5A74CB37-D45C-4617-B22D-7FEB686A74F5}"
EndProject
Project("{9A19103F-16F7-4668-BE54-9A1E7A4F7556}") = "ShoppingSpree", "ShoppingSpree\ShoppingSpree.csproj", "{7488D5FB-F42F-4305-9903-ACB13B8185CF}"
EndProject
Project("{FAE04EC0-301F-11D3-BF4B-00C04F79EFBC}") = "PizzaCalories", "PizzaCalories\PizzaCalories.csproj", "{D411F4EC-14EA-4DF9-BA3A-E7AC4ECC3518}"
EndProject
Global
	GlobalSection(SolutionConfigurationPlatforms) = preSolution
		Debug|Any CPU = Debug|Any CPU
		Release|Any CPU = Release|Any CPU
	EndGlobalSection
	GlobalSection(ProjectConfigurationPlatforms) = postSolution
		{C8DB03FF-FA5F-4972-808F-BB3975FF10D0}.Debug|Any CPU.ActiveCfg = Debug|Any CPU
		{C8DB03FF-FA5F-4972-808F-BB3975FF10D0}.Debug|Any CPU.Build.0 = Debug|Any CPU
		{C8DB03FF-FA5F-4972-808F-BB3975FF10D0}.Release|Any CPU.ActiveCfg = Release|Any CPU
		{C8DB03FF-FA5F-4972-808F-BB3975FF10D0}.Release|Any CPU.Build.0 = Release|Any CPU
		{5A74CB37-D45C-4617-B22D-7FEB686A74F5}.Debug|Any CPU.ActiveCfg = Debug|Any CPU
		{5A74CB37-D45C-4617-B22D-7FEB686A74F5}.Debug|Any CPU.Build.0 = Debug|Any CPU
		{5A74CB37-D45C-4617-B22D-7FEB686A74F5}.Release|Any CPU.ActiveCfg = Release|Any CPU
		{5A74CB37-D45C-4617-B22D-7FEB686A74F5}.Release|Any CPU.Build.0 = Release|Any CPU
		{7488D5FB-F42F-4305-9903-ACB13B8185CF}.Debug|Any CPU.ActiveCfg = Debug|Any CPU
		{7488D5FB-F42F-4305-9903-ACB13B8185CF}.Debug|Any CPU.Build.0 = Debug|Any CPU
		{7488D5FB-F42F-4305-9903-ACB13B8185CF}.Release|Any CPU.ActiveCfg = Release|Any CPU
		{7488D5FB-F42F-4305-9903-ACB13B8185CF}.Release|Any CPU.Build.0 = Release|Any CPU
		{D411F4EC-14EA-4DF9-BA3A-E7AC4ECC3518}.Debug|Any CPU.ActiveCfg = Debug|Any CPU
		{D411F4EC-14EA-4DF9-BA3A-E7AC4ECC3518}.Debug|Any CPU.Build.0 = Debug|Any CPU
		{D411F4EC-14EA-4DF9-BA3A-E7AC4ECC3518}.Release|Any CPU.ActiveCfg = Release|Any CPU
		{D411F4EC-14EA-4DF9-BA3A-E7AC4ECC3518}.Release|Any CPU.Build.0 = Release|Any CPU
	EndGlobalSection
	GlobalSection(SolutionProperties) = preSolution
		HideSolutionNode = FALSE
	EndGlobalSection
	GlobalSection(ExtensibilityGlobals) = postSolution
		SolutionGuid = {45FCEB79-2DF5-47D1-A75F-444775428C46}
	EndGlobalSection
EndGlobal
