
Microsoft Visual Studio Solution File, Format Version 12.00
# Visual Studio Version 17
VisualStudioVersion = 17.4.33213.308
MinimumVisualStudioVersion = 10.0.40219.1
Project("{FAE04EC0-301F-11D3-BF4B-00C04F79EFBC}") = "DefineAClassPerson", "DefineAClassPerson\DefineAClassPerson.csproj", "{1E555758-695B-4EE9-A3A5-9F106D599BC6}"
EndProject
Global
	GlobalSection(SolutionConfigurationPlatforms) = preSolution
		Debug|Any CPU = Debug|Any CPU
		Release|Any CPU = Release|Any CPU
	EndGlobalSection
	GlobalSection(ProjectConfigurationPlatforms) = postSolution
		{1E555758-695B-4EE9-A3A5-9F106D599BC6}.Debug|Any CPU.ActiveCfg = Debug|Any CPU
		{1E555758-695B-4EE9-A3A5-9F106D599BC6}.Debug|Any CPU.Build.0 = Debug|Any CPU
		{1E555758-695B-4EE9-A3A5-9F106D599BC6}.Release|Any CPU.ActiveCfg = Release|Any CPU
		{1E555758-695B-4EE9-A3A5-9F106D599BC6}.Release|Any CPU.Build.0 = Release|Any CPU
	EndGlobalSection
	GlobalSection(SolutionProperties) = preSolution
		HideSolutionNode = FALSE
	EndGlobalSection
	GlobalSection(ExtensibilityGlobals) = postSolution
		SolutionGuid = {4959850E-6241-4EB1-80F0-943EE239372B}
	EndGlobalSection
EndGlobal
