
Microsoft Visual Studio Solution File, Format Version 12.00
# Visual Studio Version 17
VisualStudioVersion = 17.4.33213.308
MinimumVisualStudioVersion = 10.0.40219.1
Project("{FAE04EC0-301F-11D3-BF4B-00C04F79EFBC}") = "SoftUni Parking", "SoftUni Parking\SoftUni Parking.csproj", "{90203E30-5772-4482-A0A9-4DE8065A434E}"
EndProject
Global
	GlobalSection(SolutionConfigurationPlatforms) = preSolution
		Debug|Any CPU = Debug|Any CPU
		Release|Any CPU = Release|Any CPU
	EndGlobalSection
	GlobalSection(ProjectConfigurationPlatforms) = postSolution
		{90203E30-5772-4482-A0A9-4DE8065A434E}.Debug|Any CPU.ActiveCfg = Debug|Any CPU
		{90203E30-5772-4482-A0A9-4DE8065A434E}.Debug|Any CPU.Build.0 = Debug|Any CPU
		{90203E30-5772-4482-A0A9-4DE8065A434E}.Release|Any CPU.ActiveCfg = Release|Any CPU
		{90203E30-5772-4482-A0A9-4DE8065A434E}.Release|Any CPU.Build.0 = Release|Any CPU
	EndGlobalSection
	GlobalSection(SolutionProperties) = preSolution
		HideSolutionNode = FALSE
	EndGlobalSection
	GlobalSection(ExtensibilityGlobals) = postSolution
		SolutionGuid = {92D0D2FF-9BA3-4604-8112-B319AE6662B3}
	EndGlobalSection
EndGlobal
