
Microsoft Visual Studio Solution File, Format Version 12.00
# Visual Studio Version 17
VisualStudioVersion = 17.7.34221.43
MinimumVisualStudioVersion = 10.0.40219.1
Project("{FAE04EC0-301F-11D3-BF4B-00C04F79EFBC}") = "P01_StudentSystem", "P01_StudentSystem\P01_StudentSystem.csproj", "{07B84064-B236-4AE7-99A2-710756F4F2CC}"
EndProject
Project("{FAE04EC0-301F-11D3-BF4B-00C04F79EFBC}") = "P01_StudentSystem.Data", "P01_StudentSystem.Data\P01_StudentSystem.Data.csproj", "{6173365A-870C-4AC2-85FE-D21A212CF31A}"
EndProject
Global
	GlobalSection(SolutionConfigurationPlatforms) = preSolution
		Debug|Any CPU = Debug|Any CPU
		Release|Any CPU = Release|Any CPU
	EndGlobalSection
	GlobalSection(ProjectConfigurationPlatforms) = postSolution
		{07B84064-B236-4AE7-99A2-710756F4F2CC}.Debug|Any CPU.ActiveCfg = Debug|Any CPU
		{07B84064-B236-4AE7-99A2-710756F4F2CC}.Debug|Any CPU.Build.0 = Debug|Any CPU
		{07B84064-B236-4AE7-99A2-710756F4F2CC}.Release|Any CPU.ActiveCfg = Release|Any CPU
		{07B84064-B236-4AE7-99A2-710756F4F2CC}.Release|Any CPU.Build.0 = Release|Any CPU
		{6173365A-870C-4AC2-85FE-D21A212CF31A}.Debug|Any CPU.ActiveCfg = Debug|Any CPU
		{6173365A-870C-4AC2-85FE-D21A212CF31A}.Debug|Any CPU.Build.0 = Debug|Any CPU
		{6173365A-870C-4AC2-85FE-D21A212CF31A}.Release|Any CPU.ActiveCfg = Release|Any CPU
		{6173365A-870C-4AC2-85FE-D21A212CF31A}.Release|Any CPU.Build.0 = Release|Any CPU
	EndGlobalSection
	GlobalSection(SolutionProperties) = preSolution
		HideSolutionNode = FALSE
	EndGlobalSection
	GlobalSection(ExtensibilityGlobals) = postSolution
		SolutionGuid = {20B0111E-8877-4049-9F4B-527C3AC317DC}
	EndGlobalSection
EndGlobal
