
Microsoft Visual Studio Solution File, Format Version 12.00
# Visual Studio Version 17
VisualStudioVersion = 17.4.33403.182
MinimumVisualStudioVersion = 10.0.40219.1
Project("{9A19103F-16F7-4668-BE54-9A1E7A4F7556}") = "Person", "Person\Person.csproj", "{4BAAD39F-43F6-4C13-AD05-50CBD286C922}"
EndProject
Project("{FAE04EC0-301F-11D3-BF4B-00C04F79EFBC}") = "Zoo", "Zoo\Zoo.csproj", "{99E3C799-4EF8-4E57-A1C7-656E864A8227}"
EndProject
Project("{FAE04EC0-301F-11D3-BF4B-00C04F79EFBC}") = "PlayersAndMonsters", "PlayersAndMonsters\PlayersAndMonsters.csproj", "{E740B0C8-AADB-4109-A099-F887A51A5C23}"
EndProject
Project("{FAE04EC0-301F-11D3-BF4B-00C04F79EFBC}") = "NeedForSpeed", "NeedForSpeed\NeedForSpeed.csproj", "{B28764D2-9F29-45FA-B9B6-67D050526475}"
EndProject
Global
	GlobalSection(SolutionConfigurationPlatforms) = preSolution
		Debug|Any CPU = Debug|Any CPU
		Release|Any CPU = Release|Any CPU
	EndGlobalSection
	GlobalSection(ProjectConfigurationPlatforms) = postSolution
		{4BAAD39F-43F6-4C13-AD05-50CBD286C922}.Debug|Any CPU.ActiveCfg = Debug|Any CPU
		{4BAAD39F-43F6-4C13-AD05-50CBD286C922}.Debug|Any CPU.Build.0 = Debug|Any CPU
		{4BAAD39F-43F6-4C13-AD05-50CBD286C922}.Release|Any CPU.ActiveCfg = Release|Any CPU
		{4BAAD39F-43F6-4C13-AD05-50CBD286C922}.Release|Any CPU.Build.0 = Release|Any CPU
		{99E3C799-4EF8-4E57-A1C7-656E864A8227}.Debug|Any CPU.ActiveCfg = Debug|Any CPU
		{99E3C799-4EF8-4E57-A1C7-656E864A8227}.Debug|Any CPU.Build.0 = Debug|Any CPU
		{99E3C799-4EF8-4E57-A1C7-656E864A8227}.Release|Any CPU.ActiveCfg = Release|Any CPU
		{99E3C799-4EF8-4E57-A1C7-656E864A8227}.Release|Any CPU.Build.0 = Release|Any CPU
		{E740B0C8-AADB-4109-A099-F887A51A5C23}.Debug|Any CPU.ActiveCfg = Debug|Any CPU
		{E740B0C8-AADB-4109-A099-F887A51A5C23}.Debug|Any CPU.Build.0 = Debug|Any CPU
		{E740B0C8-AADB-4109-A099-F887A51A5C23}.Release|Any CPU.ActiveCfg = Release|Any CPU
		{E740B0C8-AADB-4109-A099-F887A51A5C23}.Release|Any CPU.Build.0 = Release|Any CPU
		{B28764D2-9F29-45FA-B9B6-67D050526475}.Debug|Any CPU.ActiveCfg = Debug|Any CPU
		{B28764D2-9F29-45FA-B9B6-67D050526475}.Debug|Any CPU.Build.0 = Debug|Any CPU
		{B28764D2-9F29-45FA-B9B6-67D050526475}.Release|Any CPU.ActiveCfg = Release|Any CPU
		{B28764D2-9F29-45FA-B9B6-67D050526475}.Release|Any CPU.Build.0 = Release|Any CPU
	EndGlobalSection
	GlobalSection(SolutionProperties) = preSolution
		HideSolutionNode = FALSE
	EndGlobalSection
	GlobalSection(ExtensibilityGlobals) = postSolution
		SolutionGuid = {EBDFC0A8-BDD2-4983-A527-9A936C94D353}
	EndGlobalSection
EndGlobal
