
Microsoft Visual Studio Solution File, Format Version 12.00
# Visual Studio Version 17
VisualStudioVersion = 17.3.32825.248
MinimumVisualStudioVersion = 10.0.40219.1
Project("{FAE04EC0-301F-11D3-BF4B-00C04F79EFBC}") = "Messaging", "Messaging\Messaging.csproj", "{A79F6AD0-4F68-468B-BCEF-C8451BC11AB8}"
EndProject
Project("{FAE04EC0-301F-11D3-BF4B-00C04F79EFBC}") = "CarRace", "CarRace\CarRace.csproj", "{5E68300B-0525-4C64-8844-01D7CF8991CC}"
EndProject
Project("{FAE04EC0-301F-11D3-BF4B-00C04F79EFBC}") = "TakeSkipRope", "TakeSkipRope\TakeSkipRope.csproj", "{9A3074AC-0BBA-4BA0-B248-AD4281CAD090}"
EndProject
Project("{FAE04EC0-301F-11D3-BF4B-00C04F79EFBC}") = "MixedUpLists", "MixedUpLists\MixedUpLists.csproj", "{D21BC225-2CE6-4D02-A201-46AD5F88B704}"
EndProject
Global
	GlobalSection(SolutionConfigurationPlatforms) = preSolution
		Debug|Any CPU = Debug|Any CPU
		Release|Any CPU = Release|Any CPU
	EndGlobalSection
	GlobalSection(ProjectConfigurationPlatforms) = postSolution
		{A79F6AD0-4F68-468B-BCEF-C8451BC11AB8}.Debug|Any CPU.ActiveCfg = Debug|Any CPU
		{A79F6AD0-4F68-468B-BCEF-C8451BC11AB8}.Debug|Any CPU.Build.0 = Debug|Any CPU
		{A79F6AD0-4F68-468B-BCEF-C8451BC11AB8}.Release|Any CPU.ActiveCfg = Release|Any CPU
		{A79F6AD0-4F68-468B-BCEF-C8451BC11AB8}.Release|Any CPU.Build.0 = Release|Any CPU
		{5E68300B-0525-4C64-8844-01D7CF8991CC}.Debug|Any CPU.ActiveCfg = Debug|Any CPU
		{5E68300B-0525-4C64-8844-01D7CF8991CC}.Debug|Any CPU.Build.0 = Debug|Any CPU
		{5E68300B-0525-4C64-8844-01D7CF8991CC}.Release|Any CPU.ActiveCfg = Release|Any CPU
		{5E68300B-0525-4C64-8844-01D7CF8991CC}.Release|Any CPU.Build.0 = Release|Any CPU
		{9A3074AC-0BBA-4BA0-B248-AD4281CAD090}.Debug|Any CPU.ActiveCfg = Debug|Any CPU
		{9A3074AC-0BBA-4BA0-B248-AD4281CAD090}.Debug|Any CPU.Build.0 = Debug|Any CPU
		{9A3074AC-0BBA-4BA0-B248-AD4281CAD090}.Release|Any CPU.ActiveCfg = Release|Any CPU
		{9A3074AC-0BBA-4BA0-B248-AD4281CAD090}.Release|Any CPU.Build.0 = Release|Any CPU
		{D21BC225-2CE6-4D02-A201-46AD5F88B704}.Debug|Any CPU.ActiveCfg = Debug|Any CPU
		{D21BC225-2CE6-4D02-A201-46AD5F88B704}.Debug|Any CPU.Build.0 = Debug|Any CPU
		{D21BC225-2CE6-4D02-A201-46AD5F88B704}.Release|Any CPU.ActiveCfg = Release|Any CPU
		{D21BC225-2CE6-4D02-A201-46AD5F88B704}.Release|Any CPU.Build.0 = Release|Any CPU
	EndGlobalSection
	GlobalSection(SolutionProperties) = preSolution
		HideSolutionNode = FALSE
	EndGlobalSection
	GlobalSection(ExtensibilityGlobals) = postSolution
		SolutionGuid = {4673F883-682C-4C90-B68B-1F3BCBA1BABD}
	EndGlobalSection
EndGlobal
