
Microsoft Visual Studio Solution File, Format Version 12.00
# Visual Studio Version 17
VisualStudioVersion = 17.4.33213.308
MinimumVisualStudioVersion = 10.0.40219.1
Project("{FAE04EC0-301F-11D3-BF4B-00C04F79EFBC}") = "Generic Box of String", "Generic Box of String\Generic Box of String.csproj", "{02335942-2DB2-46B2-8835-9EDAF64D1B3F}"
EndProject
Global
	GlobalSection(SolutionConfigurationPlatforms) = preSolution
		Debug|Any CPU = Debug|Any CPU
		Release|Any CPU = Release|Any CPU
	EndGlobalSection
	GlobalSection(ProjectConfigurationPlatforms) = postSolution
		{02335942-2DB2-46B2-8835-9EDAF64D1B3F}.Debug|Any CPU.ActiveCfg = Debug|Any CPU
		{02335942-2DB2-46B2-8835-9EDAF64D1B3F}.Debug|Any CPU.Build.0 = Debug|Any CPU
		{02335942-2DB2-46B2-8835-9EDAF64D1B3F}.Release|Any CPU.ActiveCfg = Release|Any CPU
		{02335942-2DB2-46B2-8835-9EDAF64D1B3F}.Release|Any CPU.Build.0 = Release|Any CPU
	EndGlobalSection
	GlobalSection(SolutionProperties) = preSolution
		HideSolutionNode = FALSE
	EndGlobalSection
	GlobalSection(ExtensibilityGlobals) = postSolution
		SolutionGuid = {877C7E82-4371-4BFB-9441-4C6DF7F28109}
	EndGlobalSection
EndGlobal
