
Microsoft Visual Studio Solution File, Format Version 12.00
# Visual Studio Version 17
VisualStudioVersion = 17.4.33213.308
MinimumVisualStudioVersion = 10.0.40219.1
Project("{FAE04EC0-301F-11D3-BF4B-00C04F79EFBC}") = "CarManufacturer", "Car\CarManufacturer.csproj", "{45695AC6-F037-46BD-A611-E399D3A808DE}"
EndProject
Project("{FAE04EC0-301F-11D3-BF4B-00C04F79EFBC}") = "Car Extension", "Car Extension\Car Extension.csproj", "{E442056E-D30E-4B18-BC49-B692F5EB0919}"
EndProject
Project("{FAE04EC0-301F-11D3-BF4B-00C04F79EFBC}") = "Car Constructors", "Car Constructors\Car Constructors.csproj", "{4373D9C8-CCF7-488F-9599-FB73649A2B0D}"
EndProject
Global
	GlobalSection(SolutionConfigurationPlatforms) = preSolution
		Debug|Any CPU = Debug|Any CPU
		Release|Any CPU = Release|Any CPU
	EndGlobalSection
	GlobalSection(ProjectConfigurationPlatforms) = postSolution
		{45695AC6-F037-46BD-A611-E399D3A808DE}.Debug|Any CPU.ActiveCfg = Debug|Any CPU
		{45695AC6-F037-46BD-A611-E399D3A808DE}.Debug|Any CPU.Build.0 = Debug|Any CPU
		{45695AC6-F037-46BD-A611-E399D3A808DE}.Release|Any CPU.ActiveCfg = Release|Any CPU
		{45695AC6-F037-46BD-A611-E399D3A808DE}.Release|Any CPU.Build.0 = Release|Any CPU
		{E442056E-D30E-4B18-BC49-B692F5EB0919}.Debug|Any CPU.ActiveCfg = Debug|Any CPU
		{E442056E-D30E-4B18-BC49-B692F5EB0919}.Debug|Any CPU.Build.0 = Debug|Any CPU
		{E442056E-D30E-4B18-BC49-B692F5EB0919}.Release|Any CPU.ActiveCfg = Release|Any CPU
		{E442056E-D30E-4B18-BC49-B692F5EB0919}.Release|Any CPU.Build.0 = Release|Any CPU
		{4373D9C8-CCF7-488F-9599-FB73649A2B0D}.Debug|Any CPU.ActiveCfg = Debug|Any CPU
		{4373D9C8-CCF7-488F-9599-FB73649A2B0D}.Debug|Any CPU.Build.0 = Debug|Any CPU
		{4373D9C8-CCF7-488F-9599-FB73649A2B0D}.Release|Any CPU.ActiveCfg = Release|Any CPU
		{4373D9C8-CCF7-488F-9599-FB73649A2B0D}.Release|Any CPU.Build.0 = Release|Any CPU
	EndGlobalSection
	GlobalSection(SolutionProperties) = preSolution
		HideSolutionNode = FALSE
	EndGlobalSection
	GlobalSection(ExtensibilityGlobals) = postSolution
		SolutionGuid = {2267D1FD-C849-4ECA-BAA5-03EE80132AE4}
	EndGlobalSection
EndGlobal
