
Microsoft Visual Studio Solution File, Format Version 12.00
# Visual Studio Version 17
VisualStudioVersion = 17.4.33122.133
MinimumVisualStudioVersion = 10.0.40219.1
Project("{FAE04EC0-301F-11D3-BF4B-00C04F79EFBC}") = "Company Roster", "Company Roster\Company Roster.csproj", "{CA2BBD17-61ED-4D38-878A-32273F1B76E2}"
EndProject
Project("{FAE04EC0-301F-11D3-BF4B-00C04F79EFBC}") = "Oldest Family Member", "Oldest Family Member\Oldest Family Member.csproj", "{1B38EB2B-BBA0-4491-931F-526B6EA33002}"
EndProject
Project("{FAE04EC0-301F-11D3-BF4B-00C04F79EFBC}") = "Speed Racing", "Speed Racing\Speed Racing.csproj", "{8B95CEA2-34CF-43B3-B513-F05495E94C10}"
EndProject
Global
	GlobalSection(SolutionConfigurationPlatforms) = preSolution
		Debug|Any CPU = Debug|Any CPU
		Release|Any CPU = Release|Any CPU
	EndGlobalSection
	GlobalSection(ProjectConfigurationPlatforms) = postSolution
		{CA2BBD17-61ED-4D38-878A-32273F1B76E2}.Debug|Any CPU.ActiveCfg = Debug|Any CPU
		{CA2BBD17-61ED-4D38-878A-32273F1B76E2}.Debug|Any CPU.Build.0 = Debug|Any CPU
		{CA2BBD17-61ED-4D38-878A-32273F1B76E2}.Release|Any CPU.ActiveCfg = Release|Any CPU
		{CA2BBD17-61ED-4D38-878A-32273F1B76E2}.Release|Any CPU.Build.0 = Release|Any CPU
		{1B38EB2B-BBA0-4491-931F-526B6EA33002}.Debug|Any CPU.ActiveCfg = Debug|Any CPU
		{1B38EB2B-BBA0-4491-931F-526B6EA33002}.Debug|Any CPU.Build.0 = Debug|Any CPU
		{1B38EB2B-BBA0-4491-931F-526B6EA33002}.Release|Any CPU.ActiveCfg = Release|Any CPU
		{1B38EB2B-BBA0-4491-931F-526B6EA33002}.Release|Any CPU.Build.0 = Release|Any CPU
		{8B95CEA2-34CF-43B3-B513-F05495E94C10}.Debug|Any CPU.ActiveCfg = Debug|Any CPU
		{8B95CEA2-34CF-43B3-B513-F05495E94C10}.Debug|Any CPU.Build.0 = Debug|Any CPU
		{8B95CEA2-34CF-43B3-B513-F05495E94C10}.Release|Any CPU.ActiveCfg = Release|Any CPU
		{8B95CEA2-34CF-43B3-B513-F05495E94C10}.Release|Any CPU.Build.0 = Release|Any CPU
	EndGlobalSection
	GlobalSection(SolutionProperties) = preSolution
		HideSolutionNode = FALSE
	EndGlobalSection
	GlobalSection(ExtensibilityGlobals) = postSolution
		SolutionGuid = {2633BBA1-9694-4CFF-9ED2-B1B54ADAB7E8}
	EndGlobalSection
EndGlobal
