
Microsoft Visual Studio Solution File, Format Version 12.00
# Visual Studio Version 17
VisualStudioVersion = 17.4.33205.214
MinimumVisualStudioVersion = 10.0.40219.1
Project("{FAE04EC0-301F-11D3-BF4B-00C04F79EFBC}") = "Count Same Values in Array", "Count Same Values in Array\Count Same Values in Array.csproj", "{B30D30D6-D836-4641-8E90-B3CE77A9B03D}"
EndProject
Project("{FAE04EC0-301F-11D3-BF4B-00C04F79EFBC}") = "Average Student Grades", "Average Student Grades\Average Student Grades.csproj", "{761320E8-5927-46D8-9D1C-686AADB417F9}"
EndProject
Project("{FAE04EC0-301F-11D3-BF4B-00C04F79EFBC}") = "Largest 3 Numbers", "Largest 3 Numbers\Largest 3 Numbers.csproj", "{435BE071-204C-4F55-99C6-5CC3B5E406F5}"
EndProject
Project("{FAE04EC0-301F-11D3-BF4B-00C04F79EFBC}") = "Product Shop", "Product Shop\Product Shop.csproj", "{FD203F5C-4290-4B1F-83FB-58AC945B3340}"
EndProject
Project("{FAE04EC0-301F-11D3-BF4B-00C04F79EFBC}") = "Cities by Continent and Country", "Cities by Continent and Country\Cities by Continent and Country.csproj", "{31F24F60-35F1-40B9-BB2F-2A67DE2CB3FD}"
EndProject
Global
	GlobalSection(SolutionConfigurationPlatforms) = preSolution
		Debug|Any CPU = Debug|Any CPU
		Release|Any CPU = Release|Any CPU
	EndGlobalSection
	GlobalSection(ProjectConfigurationPlatforms) = postSolution
		{B30D30D6-D836-4641-8E90-B3CE77A9B03D}.Debug|Any CPU.ActiveCfg = Debug|Any CPU
		{B30D30D6-D836-4641-8E90-B3CE77A9B03D}.Debug|Any CPU.Build.0 = Debug|Any CPU
		{B30D30D6-D836-4641-8E90-B3CE77A9B03D}.Release|Any CPU.ActiveCfg = Release|Any CPU
		{B30D30D6-D836-4641-8E90-B3CE77A9B03D}.Release|Any CPU.Build.0 = Release|Any CPU
		{761320E8-5927-46D8-9D1C-686AADB417F9}.Debug|Any CPU.ActiveCfg = Debug|Any CPU
		{761320E8-5927-46D8-9D1C-686AADB417F9}.Debug|Any CPU.Build.0 = Debug|Any CPU
		{761320E8-5927-46D8-9D1C-686AADB417F9}.Release|Any CPU.ActiveCfg = Release|Any CPU
		{761320E8-5927-46D8-9D1C-686AADB417F9}.Release|Any CPU.Build.0 = Release|Any CPU
		{435BE071-204C-4F55-99C6-5CC3B5E406F5}.Debug|Any CPU.ActiveCfg = Debug|Any CPU
		{435BE071-204C-4F55-99C6-5CC3B5E406F5}.Debug|Any CPU.Build.0 = Debug|Any CPU
		{435BE071-204C-4F55-99C6-5CC3B5E406F5}.Release|Any CPU.ActiveCfg = Release|Any CPU
		{435BE071-204C-4F55-99C6-5CC3B5E406F5}.Release|Any CPU.Build.0 = Release|Any CPU
		{FD203F5C-4290-4B1F-83FB-58AC945B3340}.Debug|Any CPU.ActiveCfg = Debug|Any CPU
		{FD203F5C-4290-4B1F-83FB-58AC945B3340}.Debug|Any CPU.Build.0 = Debug|Any CPU
		{FD203F5C-4290-4B1F-83FB-58AC945B3340}.Release|Any CPU.ActiveCfg = Release|Any CPU
		{FD203F5C-4290-4B1F-83FB-58AC945B3340}.Release|Any CPU.Build.0 = Release|Any CPU
		{31F24F60-35F1-40B9-BB2F-2A67DE2CB3FD}.Debug|Any CPU.ActiveCfg = Debug|Any CPU
		{31F24F60-35F1-40B9-BB2F-2A67DE2CB3FD}.Debug|Any CPU.Build.0 = Debug|Any CPU
		{31F24F60-35F1-40B9-BB2F-2A67DE2CB3FD}.Release|Any CPU.ActiveCfg = Release|Any CPU
		{31F24F60-35F1-40B9-BB2F-2A67DE2CB3FD}.Release|Any CPU.Build.0 = Release|Any CPU
	EndGlobalSection
	GlobalSection(SolutionProperties) = preSolution
		HideSolutionNode = FALSE
	EndGlobalSection
	GlobalSection(ExtensibilityGlobals) = postSolution
		SolutionGuid = {F4246E7C-A8D7-4A99-8469-0DE11A06312F}
	EndGlobalSection
EndGlobal
