
Microsoft Visual Studio Solution File, Format Version 12.00
# Visual Studio Version 17
VisualStudioVersion = 17.3.32825.248
MinimumVisualStudioVersion = 10.0.40219.1
Project("{FAE04EC0-301F-11D3-BF4B-00C04F79EFBC}") = "Train", "Train\Train.csproj", "{6FAD20D3-8647-4642-B3BF-504444D4AE22}"
EndProject
Project("{FAE04EC0-301F-11D3-BF4B-00C04F79EFBC}") = "ChangeList", "ChangeList\ChangeList.csproj", "{F41A1CDC-7EEE-4B76-91C1-37D8C2D38E1C}"
EndProject
Project("{FAE04EC0-301F-11D3-BF4B-00C04F79EFBC}") = "HouseParty", "HouseParty\HouseParty.csproj", "{10540574-AF0A-4EF2-9FF5-DAE16F47D436}"
EndProject
Project("{FAE04EC0-301F-11D3-BF4B-00C04F79EFBC}") = "ListOperations", "ListOperations\ListOperations.csproj", "{084F506F-2A9D-4029-B0B7-18748D2AECBB}"
EndProject
Project("{FAE04EC0-301F-11D3-BF4B-00C04F79EFBC}") = "BombNumbers", "BombNumbers\BombNumbers.csproj", "{63BD8167-0FE6-46A9-A3E4-7A840BBD0A7A}"
EndProject
Project("{FAE04EC0-301F-11D3-BF4B-00C04F79EFBC}") = "CardsGame", "CardsGame\CardsGame.csproj", "{D97FECBF-7C4B-4DB5-B05C-D7ED263B4413}"
EndProject
Project("{FAE04EC0-301F-11D3-BF4B-00C04F79EFBC}") = "AppendArrays", "AppendArrays\AppendArrays.csproj", "{262E6150-832E-45B4-B60C-D9687106E534}"
EndProject
Global
	GlobalSection(SolutionConfigurationPlatforms) = preSolution
		Debug|Any CPU = Debug|Any CPU
		Release|Any CPU = Release|Any CPU
	EndGlobalSection
	GlobalSection(ProjectConfigurationPlatforms) = postSolution
		{6FAD20D3-8647-4642-B3BF-504444D4AE22}.Debug|Any CPU.ActiveCfg = Debug|Any CPU
		{6FAD20D3-8647-4642-B3BF-504444D4AE22}.Debug|Any CPU.Build.0 = Debug|Any CPU
		{6FAD20D3-8647-4642-B3BF-504444D4AE22}.Release|Any CPU.ActiveCfg = Release|Any CPU
		{6FAD20D3-8647-4642-B3BF-504444D4AE22}.Release|Any CPU.Build.0 = Release|Any CPU
		{F41A1CDC-7EEE-4B76-91C1-37D8C2D38E1C}.Debug|Any CPU.ActiveCfg = Debug|Any CPU
		{F41A1CDC-7EEE-4B76-91C1-37D8C2D38E1C}.Debug|Any CPU.Build.0 = Debug|Any CPU
		{F41A1CDC-7EEE-4B76-91C1-37D8C2D38E1C}.Release|Any CPU.ActiveCfg = Release|Any CPU
		{F41A1CDC-7EEE-4B76-91C1-37D8C2D38E1C}.Release|Any CPU.Build.0 = Release|Any CPU
		{10540574-AF0A-4EF2-9FF5-DAE16F47D436}.Debug|Any CPU.ActiveCfg = Debug|Any CPU
		{10540574-AF0A-4EF2-9FF5-DAE16F47D436}.Debug|Any CPU.Build.0 = Debug|Any CPU
		{10540574-AF0A-4EF2-9FF5-DAE16F47D436}.Release|Any CPU.ActiveCfg = Release|Any CPU
		{10540574-AF0A-4EF2-9FF5-DAE16F47D436}.Release|Any CPU.Build.0 = Release|Any CPU
		{084F506F-2A9D-4029-B0B7-18748D2AECBB}.Debug|Any CPU.ActiveCfg = Debug|Any CPU
		{084F506F-2A9D-4029-B0B7-18748D2AECBB}.Debug|Any CPU.Build.0 = Debug|Any CPU
		{084F506F-2A9D-4029-B0B7-18748D2AECBB}.Release|Any CPU.ActiveCfg = Release|Any CPU
		{084F506F-2A9D-4029-B0B7-18748D2AECBB}.Release|Any CPU.Build.0 = Release|Any CPU
		{63BD8167-0FE6-46A9-A3E4-7A840BBD0A7A}.Debug|Any CPU.ActiveCfg = Debug|Any CPU
		{63BD8167-0FE6-46A9-A3E4-7A840BBD0A7A}.Debug|Any CPU.Build.0 = Debug|Any CPU
		{63BD8167-0FE6-46A9-A3E4-7A840BBD0A7A}.Release|Any CPU.ActiveCfg = Release|Any CPU
		{63BD8167-0FE6-46A9-A3E4-7A840BBD0A7A}.Release|Any CPU.Build.0 = Release|Any CPU
		{D97FECBF-7C4B-4DB5-B05C-D7ED263B4413}.Debug|Any CPU.ActiveCfg = Debug|Any CPU
		{D97FECBF-7C4B-4DB5-B05C-D7ED263B4413}.Debug|Any CPU.Build.0 = Debug|Any CPU
		{D97FECBF-7C4B-4DB5-B05C-D7ED263B4413}.Release|Any CPU.ActiveCfg = Release|Any CPU
		{D97FECBF-7C4B-4DB5-B05C-D7ED263B4413}.Release|Any CPU.Build.0 = Release|Any CPU
		{262E6150-832E-45B4-B60C-D9687106E534}.Debug|Any CPU.ActiveCfg = Debug|Any CPU
		{262E6150-832E-45B4-B60C-D9687106E534}.Debug|Any CPU.Build.0 = Debug|Any CPU
		{262E6150-832E-45B4-B60C-D9687106E534}.Release|Any CPU.ActiveCfg = Release|Any CPU
		{262E6150-832E-45B4-B60C-D9687106E534}.Release|Any CPU.Build.0 = Release|Any CPU
	EndGlobalSection
	GlobalSection(SolutionProperties) = preSolution
		HideSolutionNode = FALSE
	EndGlobalSection
	GlobalSection(ExtensibilityGlobals) = postSolution
		SolutionGuid = {71D93E5C-A80B-4A5A-95D2-F083CD379E99}
	EndGlobalSection
EndGlobal
