
Microsoft Visual Studio Solution File, Format Version 12.00
# Visual Studio Version 17
VisualStudioVersion = 17.4.33213.308
MinimumVisualStudioVersion = 10.0.40219.1
Project("{FAE04EC0-301F-11D3-BF4B-00C04F79EFBC}") = "BaristaContestOldV", "BaristaContestOldV\BaristaContestOldV.csproj", "{AE6A35F8-19CA-41E7-B78B-107C82A7A5CF}"
EndProject
Global
	GlobalSection(SolutionConfigurationPlatforms) = preSolution
		Debug|Any CPU = Debug|Any CPU
		Release|Any CPU = Release|Any CPU
	EndGlobalSection
	GlobalSection(ProjectConfigurationPlatforms) = postSolution
		{AE6A35F8-19CA-41E7-B78B-107C82A7A5CF}.Debug|Any CPU.ActiveCfg = Debug|Any CPU
		{AE6A35F8-19CA-41E7-B78B-107C82A7A5CF}.Debug|Any CPU.Build.0 = Debug|Any CPU
		{AE6A35F8-19CA-41E7-B78B-107C82A7A5CF}.Release|Any CPU.ActiveCfg = Release|Any CPU
		{AE6A35F8-19CA-41E7-B78B-107C82A7A5CF}.Release|Any CPU.Build.0 = Release|Any CPU
	EndGlobalSection
	GlobalSection(SolutionProperties) = preSolution
		HideSolutionNode = FALSE
	EndGlobalSection
	GlobalSection(ExtensibilityGlobals) = postSolution
		SolutionGuid = {12DECFB9-C923-43B4-BE74-6956E8A24BC0}
	EndGlobalSection
EndGlobal
