
Microsoft Visual Studio Solution File, Format Version 12.00
# Visual Studio Version 17
VisualStudioVersion = 17.4.33213.308
MinimumVisualStudioVersion = 10.0.40219.1
Project("{9A19103F-16F7-4668-BE54-9A1E7A4F7556}") = "SoftUni Parking", "SoftUni Parking\SoftUni Parking.csproj", "{90203E30-5772-4482-A0A9-4DE8065A434E}"
EndProject
Project("{FAE04EC0-301F-11D3-BF4B-00C04F79EFBC}") = "Courses", "Courses\Courses.csproj", "{2D10EE5F-FBEC-4F8B-A455-E57D72DF557F}"
EndProject
Project("{FAE04EC0-301F-11D3-BF4B-00C04F79EFBC}") = "StudentAcademy", "StudentAcademy\StudentAcademy.csproj", "{37DEC121-6BB5-4E79-8453-57B0EEBB9393}"
EndProject
Project("{FAE04EC0-301F-11D3-BF4B-00C04F79EFBC}") = "CompanyUsers", "CompanyUsers\CompanyUsers.csproj", "{5038FDF8-EC41-4CA5-8F0A-0443ABBB7983}"
EndProject
Global
	GlobalSection(SolutionConfigurationPlatforms) = preSolution
		Debug|Any CPU = Debug|Any CPU
		Release|Any CPU = Release|Any CPU
	EndGlobalSection
	GlobalSection(ProjectConfigurationPlatforms) = postSolution
		{90203E30-5772-4482-A0A9-4DE8065A434E}.Debug|Any CPU.ActiveCfg = Debug|Any CPU
		{90203E30-5772-4482-A0A9-4DE8065A434E}.Debug|Any CPU.Build.0 = Debug|Any CPU
		{90203E30-5772-4482-A0A9-4DE8065A434E}.Release|Any CPU.ActiveCfg = Release|Any CPU
		{90203E30-5772-4482-A0A9-4DE8065A434E}.Release|Any CPU.Build.0 = Release|Any CPU
		{2D10EE5F-FBEC-4F8B-A455-E57D72DF557F}.Debug|Any CPU.ActiveCfg = Debug|Any CPU
		{2D10EE5F-FBEC-4F8B-A455-E57D72DF557F}.Debug|Any CPU.Build.0 = Debug|Any CPU
		{2D10EE5F-FBEC-4F8B-A455-E57D72DF557F}.Release|Any CPU.ActiveCfg = Release|Any CPU
		{2D10EE5F-FBEC-4F8B-A455-E57D72DF557F}.Release|Any CPU.Build.0 = Release|Any CPU
		{37DEC121-6BB5-4E79-8453-57B0EEBB9393}.Debug|Any CPU.ActiveCfg = Debug|Any CPU
		{37DEC121-6BB5-4E79-8453-57B0EEBB9393}.Debug|Any CPU.Build.0 = Debug|Any CPU
		{37DEC121-6BB5-4E79-8453-57B0EEBB9393}.Release|Any CPU.ActiveCfg = Release|Any CPU
		{37DEC121-6BB5-4E79-8453-57B0EEBB9393}.Release|Any CPU.Build.0 = Release|Any CPU
		{5038FDF8-EC41-4CA5-8F0A-0443ABBB7983}.Debug|Any CPU.ActiveCfg = Debug|Any CPU
		{5038FDF8-EC41-4CA5-8F0A-0443ABBB7983}.Debug|Any CPU.Build.0 = Debug|Any CPU
		{5038FDF8-EC41-4CA5-8F0A-0443ABBB7983}.Release|Any CPU.ActiveCfg = Release|Any CPU
		{5038FDF8-EC41-4CA5-8F0A-0443ABBB7983}.Release|Any CPU.Build.0 = Release|Any CPU
	EndGlobalSection
	GlobalSection(SolutionProperties) = preSolution
		HideSolutionNode = FALSE
	EndGlobalSection
	GlobalSection(ExtensibilityGlobals) = postSolution
		SolutionGuid = {92D0D2FF-9BA3-4604-8112-B319AE6662B3}
	EndGlobalSection
EndGlobal
