
Microsoft Visual Studio Solution File, Format Version 12.00
# Visual Studio Version 17
VisualStudioVersion = 17.3.32825.248
MinimumVisualStudioVersion = 10.0.40219.1
Project("{FAE04EC0-301F-11D3-BF4B-00C04F79EFBC}") = "SortNumbers", "SortNumbers\SortNumbers.csproj", "{BE662450-6C2D-45B1-88B0-AE574ED7EECA}"
EndProject
Project("{FAE04EC0-301F-11D3-BF4B-00C04F79EFBC}") = "EnglishNameOfTheLastDigit", "EnglishNameOfTheLastDigit\EnglishNameOfTheLastDigit.csproj", "{BCDA0832-7D4D-47F0-A6F2-59BAAC7A2843}"
EndProject
Project("{FAE04EC0-301F-11D3-BF4B-00C04F79EFBC}") = "GamingStore", "GamingStore\GamingStore.csproj", "{1BDC07F2-066C-4357-BB24-DD17BF934332}"
EndProject
Project("{FAE04EC0-301F-11D3-BF4B-00C04F79EFBC}") = "ReverseString", "ReverseString\ReverseString.csproj", "{6989B45C-7711-4DE5-A566-B0957CF9BD67}"
EndProject
Project("{FAE04EC0-301F-11D3-BF4B-00C04F79EFBC}") = "Messages", "Messages\Messages.csproj", "{EECD4FC8-924E-4935-B489-415C5EB5DB83}"
EndProject
Global
	GlobalSection(SolutionConfigurationPlatforms) = preSolution
		Debug|Any CPU = Debug|Any CPU
		Release|Any CPU = Release|Any CPU
	EndGlobalSection
	GlobalSection(ProjectConfigurationPlatforms) = postSolution
		{BE662450-6C2D-45B1-88B0-AE574ED7EECA}.Debug|Any CPU.ActiveCfg = Debug|Any CPU
		{BE662450-6C2D-45B1-88B0-AE574ED7EECA}.Debug|Any CPU.Build.0 = Debug|Any CPU
		{BE662450-6C2D-45B1-88B0-AE574ED7EECA}.Release|Any CPU.ActiveCfg = Release|Any CPU
		{BE662450-6C2D-45B1-88B0-AE574ED7EECA}.Release|Any CPU.Build.0 = Release|Any CPU
		{BCDA0832-7D4D-47F0-A6F2-59BAAC7A2843}.Debug|Any CPU.ActiveCfg = Debug|Any CPU
		{BCDA0832-7D4D-47F0-A6F2-59BAAC7A2843}.Debug|Any CPU.Build.0 = Debug|Any CPU
		{BCDA0832-7D4D-47F0-A6F2-59BAAC7A2843}.Release|Any CPU.ActiveCfg = Release|Any CPU
		{BCDA0832-7D4D-47F0-A6F2-59BAAC7A2843}.Release|Any CPU.Build.0 = Release|Any CPU
		{1BDC07F2-066C-4357-BB24-DD17BF934332}.Debug|Any CPU.ActiveCfg = Debug|Any CPU
		{1BDC07F2-066C-4357-BB24-DD17BF934332}.Debug|Any CPU.Build.0 = Debug|Any CPU
		{1BDC07F2-066C-4357-BB24-DD17BF934332}.Release|Any CPU.ActiveCfg = Release|Any CPU
		{1BDC07F2-066C-4357-BB24-DD17BF934332}.Release|Any CPU.Build.0 = Release|Any CPU
		{6989B45C-7711-4DE5-A566-B0957CF9BD67}.Debug|Any CPU.ActiveCfg = Debug|Any CPU
		{6989B45C-7711-4DE5-A566-B0957CF9BD67}.Debug|Any CPU.Build.0 = Debug|Any CPU
		{6989B45C-7711-4DE5-A566-B0957CF9BD67}.Release|Any CPU.ActiveCfg = Release|Any CPU
		{6989B45C-7711-4DE5-A566-B0957CF9BD67}.Release|Any CPU.Build.0 = Release|Any CPU
		{EECD4FC8-924E-4935-B489-415C5EB5DB83}.Debug|Any CPU.ActiveCfg = Debug|Any CPU
		{EECD4FC8-924E-4935-B489-415C5EB5DB83}.Debug|Any CPU.Build.0 = Debug|Any CPU
		{EECD4FC8-924E-4935-B489-415C5EB5DB83}.Release|Any CPU.ActiveCfg = Release|Any CPU
		{EECD4FC8-924E-4935-B489-415C5EB5DB83}.Release|Any CPU.Build.0 = Release|Any CPU
	EndGlobalSection
	GlobalSection(SolutionProperties) = preSolution
		HideSolutionNode = FALSE
	EndGlobalSection
	GlobalSection(ExtensibilityGlobals) = postSolution
		SolutionGuid = {B701C298-4FC4-467B-8A41-5BEA06DC0ED8}
	EndGlobalSection
EndGlobal
