
Microsoft Visual Studio Solution File, Format Version 12.00
# Visual Studio Version 17
VisualStudioVersion = 17.3.32825.248
MinimumVisualStudioVersion = 10.0.40219.1
Project("{FAE04EC0-301F-11D3-BF4B-00C04F79EFBC}") = "DayOfWeek", "DayOfWeek\DayOfWeek.csproj", "{C56631ED-38E9-4E55-A1AC-A9905339D3F8}"
EndProject
Project("{FAE04EC0-301F-11D3-BF4B-00C04F79EFBC}") = "PrintNumbersInReverseOrder", "PrintNumbersInReverseOrder\PrintNumbersInReverseOrder.csproj", "{B0C1FBAE-2CDD-42A8-B15F-014D4E8FAB33}"
EndProject
Project("{FAE04EC0-301F-11D3-BF4B-00C04F79EFBC}") = "RoundingNumbers", "RoundingNumbers\RoundingNumbers.csproj", "{F227979B-2DC6-4AA8-B03A-01C687F4BF1F}"
EndProject
Project("{FAE04EC0-301F-11D3-BF4B-00C04F79EFBC}") = "ReverseArrayOfStrings", "ReverseArrayOfStrings\ReverseArrayOfStrings.csproj", "{196335F2-9BB3-4DCF-B7A9-529CC566F1A4}"
EndProject
Project("{FAE04EC0-301F-11D3-BF4B-00C04F79EFBC}") = "SumEvenNumbers", "SumEvenNumbers\SumEvenNumbers.csproj", "{3D332016-F331-49F3-9F3B-8BA96AE9E257}"
EndProject
Project("{FAE04EC0-301F-11D3-BF4B-00C04F79EFBC}") = "EvenAndOddSubstactions", "EvenAndOddSubstactions\EvenAndOddSubstactions.csproj", "{A1AAE2CF-1A34-4366-9A5C-A636F1E6CDBA}"
EndProject
Project("{FAE04EC0-301F-11D3-BF4B-00C04F79EFBC}") = "EqualArrays", "EqualNumbers\EqualArrays.csproj", "{77471CAF-7CF8-4F3E-B47C-A33C396504D6}"
EndProject
Project("{FAE04EC0-301F-11D3-BF4B-00C04F79EFBC}") = "CondenseArrayToNumber", "CondenseArrayToNumber\CondenseArrayToNumber.csproj", "{20A2144C-64F0-4E5B-844D-6C4CB9D6F0C3}"
EndProject
Global
	GlobalSection(SolutionConfigurationPlatforms) = preSolution
		Debug|Any CPU = Debug|Any CPU
		Release|Any CPU = Release|Any CPU
	EndGlobalSection
	GlobalSection(ProjectConfigurationPlatforms) = postSolution
		{C56631ED-38E9-4E55-A1AC-A9905339D3F8}.Debug|Any CPU.ActiveCfg = Debug|Any CPU
		{C56631ED-38E9-4E55-A1AC-A9905339D3F8}.Debug|Any CPU.Build.0 = Debug|Any CPU
		{C56631ED-38E9-4E55-A1AC-A9905339D3F8}.Release|Any CPU.ActiveCfg = Release|Any CPU
		{C56631ED-38E9-4E55-A1AC-A9905339D3F8}.Release|Any CPU.Build.0 = Release|Any CPU
		{B0C1FBAE-2CDD-42A8-B15F-014D4E8FAB33}.Debug|Any CPU.ActiveCfg = Debug|Any CPU
		{B0C1FBAE-2CDD-42A8-B15F-014D4E8FAB33}.Debug|Any CPU.Build.0 = Debug|Any CPU
		{B0C1FBAE-2CDD-42A8-B15F-014D4E8FAB33}.Release|Any CPU.ActiveCfg = Release|Any CPU
		{B0C1FBAE-2CDD-42A8-B15F-014D4E8FAB33}.Release|Any CPU.Build.0 = Release|Any CPU
		{F227979B-2DC6-4AA8-B03A-01C687F4BF1F}.Debug|Any CPU.ActiveCfg = Debug|Any CPU
		{F227979B-2DC6-4AA8-B03A-01C687F4BF1F}.Debug|Any CPU.Build.0 = Debug|Any CPU
		{F227979B-2DC6-4AA8-B03A-01C687F4BF1F}.Release|Any CPU.ActiveCfg = Release|Any CPU
		{F227979B-2DC6-4AA8-B03A-01C687F4BF1F}.Release|Any CPU.Build.0 = Release|Any CPU
		{196335F2-9BB3-4DCF-B7A9-529CC566F1A4}.Debug|Any CPU.ActiveCfg = Debug|Any CPU
		{196335F2-9BB3-4DCF-B7A9-529CC566F1A4}.Debug|Any CPU.Build.0 = Debug|Any CPU
		{196335F2-9BB3-4DCF-B7A9-529CC566F1A4}.Release|Any CPU.ActiveCfg = Release|Any CPU
		{196335F2-9BB3-4DCF-B7A9-529CC566F1A4}.Release|Any CPU.Build.0 = Release|Any CPU
		{3D332016-F331-49F3-9F3B-8BA96AE9E257}.Debug|Any CPU.ActiveCfg = Debug|Any CPU
		{3D332016-F331-49F3-9F3B-8BA96AE9E257}.Debug|Any CPU.Build.0 = Debug|Any CPU
		{3D332016-F331-49F3-9F3B-8BA96AE9E257}.Release|Any CPU.ActiveCfg = Release|Any CPU
		{3D332016-F331-49F3-9F3B-8BA96AE9E257}.Release|Any CPU.Build.0 = Release|Any CPU
		{A1AAE2CF-1A34-4366-9A5C-A636F1E6CDBA}.Debug|Any CPU.ActiveCfg = Debug|Any CPU
		{A1AAE2CF-1A34-4366-9A5C-A636F1E6CDBA}.Debug|Any CPU.Build.0 = Debug|Any CPU
		{A1AAE2CF-1A34-4366-9A5C-A636F1E6CDBA}.Release|Any CPU.ActiveCfg = Release|Any CPU
		{A1AAE2CF-1A34-4366-9A5C-A636F1E6CDBA}.Release|Any CPU.Build.0 = Release|Any CPU
		{77471CAF-7CF8-4F3E-B47C-A33C396504D6}.Debug|Any CPU.ActiveCfg = Debug|Any CPU
		{77471CAF-7CF8-4F3E-B47C-A33C396504D6}.Debug|Any CPU.Build.0 = Debug|Any CPU
		{77471CAF-7CF8-4F3E-B47C-A33C396504D6}.Release|Any CPU.ActiveCfg = Release|Any CPU
		{77471CAF-7CF8-4F3E-B47C-A33C396504D6}.Release|Any CPU.Build.0 = Release|Any CPU
		{20A2144C-64F0-4E5B-844D-6C4CB9D6F0C3}.Debug|Any CPU.ActiveCfg = Debug|Any CPU
		{20A2144C-64F0-4E5B-844D-6C4CB9D6F0C3}.Debug|Any CPU.Build.0 = Debug|Any CPU
		{20A2144C-64F0-4E5B-844D-6C4CB9D6F0C3}.Release|Any CPU.ActiveCfg = Release|Any CPU
		{20A2144C-64F0-4E5B-844D-6C4CB9D6F0C3}.Release|Any CPU.Build.0 = Release|Any CPU
	EndGlobalSection
	GlobalSection(SolutionProperties) = preSolution
		HideSolutionNode = FALSE
	EndGlobalSection
	GlobalSection(ExtensibilityGlobals) = postSolution
		SolutionGuid = {F6CF67A7-1D98-40C8-AE8E-E5CAF1C3D165}
	EndGlobalSection
EndGlobal
