
Microsoft Visual Studio Solution File, Format Version 12.00
# Visual Studio Version 17
VisualStudioVersion = 17.3.32929.385
MinimumVisualStudioVersion = 10.0.40219.1
Project("{9A19103F-16F7-4668-BE54-9A1E7A4F7556}") = "TheBiscuitFactory", "TheBiscuitFactory\TheBiscuitFactory.csproj", "{22B876E1-C5D7-4D4E-8A48-1A7C6BA07FA6}"
EndProject
Project("{FAE04EC0-301F-11D3-BF4B-00C04F79EFBC}") = "FiendListMaintenance", "FiendListMaintenance\FiendListMaintenance.csproj", "{D9498706-E580-411F-81EE-031BF4F6174D}"
EndProject
Global
	GlobalSection(SolutionConfigurationPlatforms) = preSolution
		Debug|Any CPU = Debug|Any CPU
		Release|Any CPU = Release|Any CPU
	EndGlobalSection
	GlobalSection(ProjectConfigurationPlatforms) = postSolution
		{22B876E1-C5D7-4D4E-8A48-1A7C6BA07FA6}.Debug|Any CPU.ActiveCfg = Debug|Any CPU
		{22B876E1-C5D7-4D4E-8A48-1A7C6BA07FA6}.Debug|Any CPU.Build.0 = Debug|Any CPU
		{22B876E1-C5D7-4D4E-8A48-1A7C6BA07FA6}.Release|Any CPU.ActiveCfg = Release|Any CPU
		{22B876E1-C5D7-4D4E-8A48-1A7C6BA07FA6}.Release|Any CPU.Build.0 = Release|Any CPU
		{D9498706-E580-411F-81EE-031BF4F6174D}.Debug|Any CPU.ActiveCfg = Debug|Any CPU
		{D9498706-E580-411F-81EE-031BF4F6174D}.Debug|Any CPU.Build.0 = Debug|Any CPU
		{D9498706-E580-411F-81EE-031BF4F6174D}.Release|Any CPU.ActiveCfg = Release|Any CPU
		{D9498706-E580-411F-81EE-031BF4F6174D}.Release|Any CPU.Build.0 = Release|Any CPU
	EndGlobalSection
	GlobalSection(SolutionProperties) = preSolution
		HideSolutionNode = FALSE
	EndGlobalSection
	GlobalSection(ExtensibilityGlobals) = postSolution
		SolutionGuid = {5991D2F3-FC05-466E-B68F-29097EF4AA51}
	EndGlobalSection
EndGlobal
