
Microsoft Visual Studio Solution File, Format Version 12.00
# Visual Studio Version 17
VisualStudioVersion = 17.3.32929.385
MinimumVisualStudioVersion = 10.0.40219.1
Project("{9A19103F-16F7-4668-BE54-9A1E7A4F7556}") = "Furniture", "Furniture\Furniture.csproj", "{A7280134-5EB2-4159-AC59-D43CCAD63B8B}"
EndProject
Project("{FAE04EC0-301F-11D3-BF4B-00C04F79EFBC}") = "Race", "Race\Race.csproj", "{061B29E0-0C76-4517-A2B8-BFDFD19BAA2D}"
EndProject
Global
	GlobalSection(SolutionConfigurationPlatforms) = preSolution
		Debug|Any CPU = Debug|Any CPU
		Release|Any CPU = Release|Any CPU
	EndGlobalSection
	GlobalSection(ProjectConfigurationPlatforms) = postSolution
		{A7280134-5EB2-4159-AC59-D43CCAD63B8B}.Debug|Any CPU.ActiveCfg = Debug|Any CPU
		{A7280134-5EB2-4159-AC59-D43CCAD63B8B}.Debug|Any CPU.Build.0 = Debug|Any CPU
		{A7280134-5EB2-4159-AC59-D43CCAD63B8B}.Release|Any CPU.ActiveCfg = Release|Any CPU
		{A7280134-5EB2-4159-AC59-D43CCAD63B8B}.Release|Any CPU.Build.0 = Release|Any CPU
		{061B29E0-0C76-4517-A2B8-BFDFD19BAA2D}.Debug|Any CPU.ActiveCfg = Debug|Any CPU
		{061B29E0-0C76-4517-A2B8-BFDFD19BAA2D}.Debug|Any CPU.Build.0 = Debug|Any CPU
		{061B29E0-0C76-4517-A2B8-BFDFD19BAA2D}.Release|Any CPU.ActiveCfg = Release|Any CPU
		{061B29E0-0C76-4517-A2B8-BFDFD19BAA2D}.Release|Any CPU.Build.0 = Release|Any CPU
	EndGlobalSection
	GlobalSection(SolutionProperties) = preSolution
		HideSolutionNode = FALSE
	EndGlobalSection
	GlobalSection(ExtensibilityGlobals) = postSolution
		SolutionGuid = {3C57209A-7F7B-48B3-B47B-F08A00385E04}
	EndGlobalSection
EndGlobal
