
Microsoft Visual Studio Solution File, Format Version 12.00
# Visual Studio Version 17
VisualStudioVersion = 17.4.33205.214
MinimumVisualStudioVersion = 10.0.40219.1
Project("{FAE04EC0-301F-11D3-BF4B-00C04F79EFBC}") = "Even Lines", "Even Lines\Even Lines.csproj", "{BD65B816-0663-42D6-8F99-B723ED751311}"
EndProject
Global
	GlobalSection(SolutionConfigurationPlatforms) = preSolution
		Debug|Any CPU = Debug|Any CPU
		Release|Any CPU = Release|Any CPU
	EndGlobalSection
	GlobalSection(ProjectConfigurationPlatforms) = postSolution
		{BD65B816-0663-42D6-8F99-B723ED751311}.Debug|Any CPU.ActiveCfg = Debug|Any CPU
		{BD65B816-0663-42D6-8F99-B723ED751311}.Debug|Any CPU.Build.0 = Debug|Any CPU
		{BD65B816-0663-42D6-8F99-B723ED751311}.Release|Any CPU.ActiveCfg = Release|Any CPU
		{BD65B816-0663-42D6-8F99-B723ED751311}.Release|Any CPU.Build.0 = Release|Any CPU
	EndGlobalSection
	GlobalSection(SolutionProperties) = preSolution
		HideSolutionNode = FALSE
	EndGlobalSection
	GlobalSection(ExtensibilityGlobals) = postSolution
		SolutionGuid = {C73C7159-AD8B-41B5-8272-F7682D2F9F00}
	EndGlobalSection
EndGlobal
