
Microsoft Visual Studio Solution File, Format Version 12.00
# Visual Studio Version 17
VisualStudioVersion = 17.3.32825.248
MinimumVisualStudioVersion = 10.0.40219.1
Project("{FAE04EC0-301F-11D3-BF4B-00C04F79EFBC}") = "Counter-Strike", "Counter-Strike\Counter-Strike.csproj", "{E95BC355-CFC4-400E-B46F-AAF056730CDB}"
EndProject
Global
	GlobalSection(SolutionConfigurationPlatforms) = preSolution
		Debug|Any CPU = Debug|Any CPU
		Release|Any CPU = Release|Any CPU
	EndGlobalSection
	GlobalSection(ProjectConfigurationPlatforms) = postSolution
		{E95BC355-CFC4-400E-B46F-AAF056730CDB}.Debug|Any CPU.ActiveCfg = Debug|Any CPU
		{E95BC355-CFC4-400E-B46F-AAF056730CDB}.Debug|Any CPU.Build.0 = Debug|Any CPU
		{E95BC355-CFC4-400E-B46F-AAF056730CDB}.Release|Any CPU.ActiveCfg = Release|Any CPU
		{E95BC355-CFC4-400E-B46F-AAF056730CDB}.Release|Any CPU.Build.0 = Release|Any CPU
	EndGlobalSection
	GlobalSection(SolutionProperties) = preSolution
		HideSolutionNode = FALSE
	EndGlobalSection
	GlobalSection(ExtensibilityGlobals) = postSolution
		SolutionGuid = {A4E9CCE4-0C02-495B-BF7C-BB780E6928E3}
	EndGlobalSection
EndGlobal
