
Microsoft Visual Studio Solution File, Format Version 12.00
# Visual Studio Version 17
VisualStudioVersion = 17.4.33205.214
MinimumVisualStudioVersion = 10.0.40219.1
Project("{FAE04EC0-301F-11D3-BF4B-00C04F79EFBC}") = "Reverse a String", "Reverse a String\Reverse a String.csproj", "{2CC551B5-81E4-48FA-8952-F9EBF6AF6DA1}"
EndProject
Project("{FAE04EC0-301F-11D3-BF4B-00C04F79EFBC}") = "Stack sum", "Stack sum\Stack sum.csproj", "{A2272E6B-8508-4D48-AA9E-BA42300273BE}"
EndProject
Project("{FAE04EC0-301F-11D3-BF4B-00C04F79EFBC}") = "Simple Calculator", "Simple Calculator\Simple Calculator.csproj", "{6767C3D5-567E-4FC3-B5F7-8000602464D0}"
EndProject
Project("{FAE04EC0-301F-11D3-BF4B-00C04F79EFBC}") = "Matching Brackets", "Matching Brackets\Matching Brackets.csproj", "{9A79212B-58AA-4F35-ABD4-CB6669111A3E}"
EndProject
Project("{FAE04EC0-301F-11D3-BF4B-00C04F79EFBC}") = "Print Even Numbers", "Print Even Numbers\Print Even Numbers.csproj", "{5962E7F4-309C-4F23-950F-E86965376BF7}"
EndProject
Project("{FAE04EC0-301F-11D3-BF4B-00C04F79EFBC}") = "Supermarket", "Supermarket\Supermarket.csproj", "{841ADF9A-E60E-4D11-A0B3-111029DDEAC7}"
EndProject
Global
	GlobalSection(SolutionConfigurationPlatforms) = preSolution
		Debug|Any CPU = Debug|Any CPU
		Release|Any CPU = Release|Any CPU
	EndGlobalSection
	GlobalSection(ProjectConfigurationPlatforms) = postSolution
		{2CC551B5-81E4-48FA-8952-F9EBF6AF6DA1}.Debug|Any CPU.ActiveCfg = Debug|Any CPU
		{2CC551B5-81E4-48FA-8952-F9EBF6AF6DA1}.Debug|Any CPU.Build.0 = Debug|Any CPU
		{2CC551B5-81E4-48FA-8952-F9EBF6AF6DA1}.Release|Any CPU.ActiveCfg = Release|Any CPU
		{2CC551B5-81E4-48FA-8952-F9EBF6AF6DA1}.Release|Any CPU.Build.0 = Release|Any CPU
		{A2272E6B-8508-4D48-AA9E-BA42300273BE}.Debug|Any CPU.ActiveCfg = Debug|Any CPU
		{A2272E6B-8508-4D48-AA9E-BA42300273BE}.Debug|Any CPU.Build.0 = Debug|Any CPU
		{A2272E6B-8508-4D48-AA9E-BA42300273BE}.Release|Any CPU.ActiveCfg = Release|Any CPU
		{A2272E6B-8508-4D48-AA9E-BA42300273BE}.Release|Any CPU.Build.0 = Release|Any CPU
		{6767C3D5-567E-4FC3-B5F7-8000602464D0}.Debug|Any CPU.ActiveCfg = Debug|Any CPU
		{6767C3D5-567E-4FC3-B5F7-8000602464D0}.Debug|Any CPU.Build.0 = Debug|Any CPU
		{6767C3D5-567E-4FC3-B5F7-8000602464D0}.Release|Any CPU.ActiveCfg = Release|Any CPU
		{6767C3D5-567E-4FC3-B5F7-8000602464D0}.Release|Any CPU.Build.0 = Release|Any CPU
		{9A79212B-58AA-4F35-ABD4-CB6669111A3E}.Debug|Any CPU.ActiveCfg = Debug|Any CPU
		{9A79212B-58AA-4F35-ABD4-CB6669111A3E}.Debug|Any CPU.Build.0 = Debug|Any CPU
		{9A79212B-58AA-4F35-ABD4-CB6669111A3E}.Release|Any CPU.ActiveCfg = Release|Any CPU
		{9A79212B-58AA-4F35-ABD4-CB6669111A3E}.Release|Any CPU.Build.0 = Release|Any CPU
		{5962E7F4-309C-4F23-950F-E86965376BF7}.Debug|Any CPU.ActiveCfg = Debug|Any CPU
		{5962E7F4-309C-4F23-950F-E86965376BF7}.Debug|Any CPU.Build.0 = Debug|Any CPU
		{5962E7F4-309C-4F23-950F-E86965376BF7}.Release|Any CPU.ActiveCfg = Release|Any CPU
		{5962E7F4-309C-4F23-950F-E86965376BF7}.Release|Any CPU.Build.0 = Release|Any CPU
		{841ADF9A-E60E-4D11-A0B3-111029DDEAC7}.Debug|Any CPU.ActiveCfg = Debug|Any CPU
		{841ADF9A-E60E-4D11-A0B3-111029DDEAC7}.Debug|Any CPU.Build.0 = Debug|Any CPU
		{841ADF9A-E60E-4D11-A0B3-111029DDEAC7}.Release|Any CPU.ActiveCfg = Release|Any CPU
		{841ADF9A-E60E-4D11-A0B3-111029DDEAC7}.Release|Any CPU.Build.0 = Release|Any CPU
	EndGlobalSection
	GlobalSection(SolutionProperties) = preSolution
		HideSolutionNode = FALSE
	EndGlobalSection
	GlobalSection(ExtensibilityGlobals) = postSolution
		SolutionGuid = {ED92E7EE-240C-492F-BBCC-280A7ADC9379}
	EndGlobalSection
EndGlobal
