
Microsoft Visual Studio Solution File, Format Version 12.00
# Visual Studio Version 17
VisualStudioVersion = 17.4.33103.184
MinimumVisualStudioVersion = 10.0.40219.1
Project("{9A19103F-16F7-4668-BE54-9A1E7A4F7556}") = "Password Reset", "Password Reset\Password Reset.csproj", "{82B7A03B-8B18-4598-8AA1-DA19C90155D9}"
EndProject
Project("{9A19103F-16F7-4668-BE54-9A1E7A4F7556}") = "Fancy Barcodes", "Fancy Barcodes\Fancy Barcodes.csproj", "{B9098E48-3A49-4DA9-B757-4066B916B523}"
EndProject
Project("{FAE04EC0-301F-11D3-BF4B-00C04F79EFBC}") = "Heroes of Code and Logic VII", "Heroes of Code and Logic VII\Heroes of Code and Logic VII.csproj", "{D2A94069-D0D3-4B60-A420-1D0486A180EE}"
EndProject
Global
	GlobalSection(SolutionConfigurationPlatforms) = preSolution
		Debug|Any CPU = Debug|Any CPU
		Release|Any CPU = Release|Any CPU
	EndGlobalSection
	GlobalSection(ProjectConfigurationPlatforms) = postSolution
		{82B7A03B-8B18-4598-8AA1-DA19C90155D9}.Debug|Any CPU.ActiveCfg = Debug|Any CPU
		{82B7A03B-8B18-4598-8AA1-DA19C90155D9}.Debug|Any CPU.Build.0 = Debug|Any CPU
		{82B7A03B-8B18-4598-8AA1-DA19C90155D9}.Release|Any CPU.ActiveCfg = Release|Any CPU
		{82B7A03B-8B18-4598-8AA1-DA19C90155D9}.Release|Any CPU.Build.0 = Release|Any CPU
		{B9098E48-3A49-4DA9-B757-4066B916B523}.Debug|Any CPU.ActiveCfg = Debug|Any CPU
		{B9098E48-3A49-4DA9-B757-4066B916B523}.Debug|Any CPU.Build.0 = Debug|Any CPU
		{B9098E48-3A49-4DA9-B757-4066B916B523}.Release|Any CPU.ActiveCfg = Release|Any CPU
		{B9098E48-3A49-4DA9-B757-4066B916B523}.Release|Any CPU.Build.0 = Release|Any CPU
		{D2A94069-D0D3-4B60-A420-1D0486A180EE}.Debug|Any CPU.ActiveCfg = Debug|Any CPU
		{D2A94069-D0D3-4B60-A420-1D0486A180EE}.Debug|Any CPU.Build.0 = Debug|Any CPU
		{D2A94069-D0D3-4B60-A420-1D0486A180EE}.Release|Any CPU.ActiveCfg = Release|Any CPU
		{D2A94069-D0D3-4B60-A420-1D0486A180EE}.Release|Any CPU.Build.0 = Release|Any CPU
	EndGlobalSection
	GlobalSection(SolutionProperties) = preSolution
		HideSolutionNode = FALSE
	EndGlobalSection
	GlobalSection(ExtensibilityGlobals) = postSolution
		SolutionGuid = {C9AEF87A-8BAD-4EAD-AD66-3F475C4B6A9C}
	EndGlobalSection
EndGlobal
