
Microsoft Visual Studio Solution File, Format Version 12.00
# Visual Studio Version 17
VisualStudioVersion = 17.4.33213.308
MinimumVisualStudioVersion = 10.0.40219.1
Project("{FAE04EC0-301F-11D3-BF4B-00C04F79EFBC}") = "Car", "Car\Car.csproj", "{B80D86D7-003F-4BCF-9FE0-1B9A0ACAB3CD}"
EndProject
Global
	GlobalSection(SolutionConfigurationPlatforms) = preSolution
		Debug|Any CPU = Debug|Any CPU
		Release|Any CPU = Release|Any CPU
	EndGlobalSection
	GlobalSection(ProjectConfigurationPlatforms) = postSolution
		{B80D86D7-003F-4BCF-9FE0-1B9A0ACAB3CD}.Debug|Any CPU.ActiveCfg = Debug|Any CPU
		{B80D86D7-003F-4BCF-9FE0-1B9A0ACAB3CD}.Debug|Any CPU.Build.0 = Debug|Any CPU
		{B80D86D7-003F-4BCF-9FE0-1B9A0ACAB3CD}.Release|Any CPU.ActiveCfg = Release|Any CPU
		{B80D86D7-003F-4BCF-9FE0-1B9A0ACAB3CD}.Release|Any CPU.Build.0 = Release|Any CPU
	EndGlobalSection
	GlobalSection(SolutionProperties) = preSolution
		HideSolutionNode = FALSE
	EndGlobalSection
	GlobalSection(ExtensibilityGlobals) = postSolution
		SolutionGuid = {5304625B-7527-4D71-95B9-88EBAB4C95DD}
	EndGlobalSection
EndGlobal
