
Microsoft Visual Studio Solution File, Format Version 12.00
# Visual Studio Version 17
VisualStudioVersion = 17.4.33103.184
MinimumVisualStudioVersion = 10.0.40219.1
Project("{FAE04EC0-301F-11D3-BF4B-00C04F79EFBC}") = "Activation Keys", "Activation Keys\Activation Keys.csproj", "{79D3FD03-8EFE-4350-BE09-E18EC0BE3FCE}"
EndProject
Project("{FAE04EC0-301F-11D3-BF4B-00C04F79EFBC}") = "Emoji Detector", "Emoji Detector\Emoji Detector.csproj", "{076DFAD4-D630-4E83-906C-085A73EFAF1B}"
EndProject
Global
	GlobalSection(SolutionConfigurationPlatforms) = preSolution
		Debug|Any CPU = Debug|Any CPU
		Release|Any CPU = Release|Any CPU
	EndGlobalSection
	GlobalSection(ProjectConfigurationPlatforms) = postSolution
		{79D3FD03-8EFE-4350-BE09-E18EC0BE3FCE}.Debug|Any CPU.ActiveCfg = Debug|Any CPU
		{79D3FD03-8EFE-4350-BE09-E18EC0BE3FCE}.Debug|Any CPU.Build.0 = Debug|Any CPU
		{79D3FD03-8EFE-4350-BE09-E18EC0BE3FCE}.Release|Any CPU.ActiveCfg = Release|Any CPU
		{79D3FD03-8EFE-4350-BE09-E18EC0BE3FCE}.Release|Any CPU.Build.0 = Release|Any CPU
		{076DFAD4-D630-4E83-906C-085A73EFAF1B}.Debug|Any CPU.ActiveCfg = Debug|Any CPU
		{076DFAD4-D630-4E83-906C-085A73EFAF1B}.Debug|Any CPU.Build.0 = Debug|Any CPU
		{076DFAD4-D630-4E83-906C-085A73EFAF1B}.Release|Any CPU.ActiveCfg = Release|Any CPU
		{076DFAD4-D630-4E83-906C-085A73EFAF1B}.Release|Any CPU.Build.0 = Release|Any CPU
	EndGlobalSection
	GlobalSection(SolutionProperties) = preSolution
		HideSolutionNode = FALSE
	EndGlobalSection
	GlobalSection(ExtensibilityGlobals) = postSolution
		SolutionGuid = {A30B30A8-82FD-4C70-80E5-825551D23CCC}
	EndGlobalSection
EndGlobal
