
Microsoft Visual Studio Solution File, Format Version 12.00
# Visual Studio Version 17
VisualStudioVersion = 17.3.32929.385
MinimumVisualStudioVersion = 10.0.40219.1
Project("{FAE04EC0-301F-11D3-BF4B-00C04F79EFBC}") = "MatchFullName", "MatchFullName\MatchFullName.csproj", "{F0335465-C032-44B3-9C19-2626D8A857AB}"
EndProject
Project("{FAE04EC0-301F-11D3-BF4B-00C04F79EFBC}") = "MatchPhoneNumber", "MatchPhoneNumber\MatchPhoneNumber.csproj", "{8FED04F5-3615-4859-9C58-F909132FCD6E}"
EndProject
Project("{FAE04EC0-301F-11D3-BF4B-00C04F79EFBC}") = "MatchDates", "MatchDates\MatchDates.csproj", "{7B923BC5-EDEA-425A-8E85-140D0B787CCA}"
EndProject
Global
	GlobalSection(SolutionConfigurationPlatforms) = preSolution
		Debug|Any CPU = Debug|Any CPU
		Release|Any CPU = Release|Any CPU
	EndGlobalSection
	GlobalSection(ProjectConfigurationPlatforms) = postSolution
		{F0335465-C032-44B3-9C19-2626D8A857AB}.Debug|Any CPU.ActiveCfg = Debug|Any CPU
		{F0335465-C032-44B3-9C19-2626D8A857AB}.Debug|Any CPU.Build.0 = Debug|Any CPU
		{F0335465-C032-44B3-9C19-2626D8A857AB}.Release|Any CPU.ActiveCfg = Release|Any CPU
		{F0335465-C032-44B3-9C19-2626D8A857AB}.Release|Any CPU.Build.0 = Release|Any CPU
		{8FED04F5-3615-4859-9C58-F909132FCD6E}.Debug|Any CPU.ActiveCfg = Debug|Any CPU
		{8FED04F5-3615-4859-9C58-F909132FCD6E}.Debug|Any CPU.Build.0 = Debug|Any CPU
		{8FED04F5-3615-4859-9C58-F909132FCD6E}.Release|Any CPU.ActiveCfg = Release|Any CPU
		{8FED04F5-3615-4859-9C58-F909132FCD6E}.Release|Any CPU.Build.0 = Release|Any CPU
		{7B923BC5-EDEA-425A-8E85-140D0B787CCA}.Debug|Any CPU.ActiveCfg = Debug|Any CPU
		{7B923BC5-EDEA-425A-8E85-140D0B787CCA}.Debug|Any CPU.Build.0 = Debug|Any CPU
		{7B923BC5-EDEA-425A-8E85-140D0B787CCA}.Release|Any CPU.ActiveCfg = Release|Any CPU
		{7B923BC5-EDEA-425A-8E85-140D0B787CCA}.Release|Any CPU.Build.0 = Release|Any CPU
	EndGlobalSection
	GlobalSection(SolutionProperties) = preSolution
		HideSolutionNode = FALSE
	EndGlobalSection
	GlobalSection(ExtensibilityGlobals) = postSolution
		SolutionGuid = {06755883-FFF9-419C-ADCC-2995DD715DA1}
	EndGlobalSection
EndGlobal
