
Microsoft Visual Studio Solution File, Format Version 12.00
# Visual Studio Version 17
VisualStudioVersion = 17.4.33213.308
MinimumVisualStudioVersion = 10.0.40219.1
Project("{FAE04EC0-301F-11D3-BF4B-00C04F79EFBC}") = "Blacksmith", "Blacksmith\Blacksmith.csproj", "{79051BEE-3255-448D-8685-122F86866549}"
EndProject
Project("{FAE04EC0-301F-11D3-BF4B-00C04F79EFBC}") = "Armory", "Arrory\Armory.csproj", "{5AFD311D-C662-4A1F-AE70-03A4B3400385}"
EndProject
Project("{FAE04EC0-301F-11D3-BF4B-00C04F79EFBC}") = "Drones", "Drones\Drones.csproj", "{1FD68064-5F43-4D63-8A10-2F7C39199CF0}"
EndProject
Global
	GlobalSection(SolutionConfigurationPlatforms) = preSolution
		Debug|Any CPU = Debug|Any CPU
		Release|Any CPU = Release|Any CPU
	EndGlobalSection
	GlobalSection(ProjectConfigurationPlatforms) = postSolution
		{79051BEE-3255-448D-8685-122F86866549}.Debug|Any CPU.ActiveCfg = Debug|Any CPU
		{79051BEE-3255-448D-8685-122F86866549}.Debug|Any CPU.Build.0 = Debug|Any CPU
		{79051BEE-3255-448D-8685-122F86866549}.Release|Any CPU.ActiveCfg = Release|Any CPU
		{79051BEE-3255-448D-8685-122F86866549}.Release|Any CPU.Build.0 = Release|Any CPU
		{5AFD311D-C662-4A1F-AE70-03A4B3400385}.Debug|Any CPU.ActiveCfg = Debug|Any CPU
		{5AFD311D-C662-4A1F-AE70-03A4B3400385}.Debug|Any CPU.Build.0 = Debug|Any CPU
		{5AFD311D-C662-4A1F-AE70-03A4B3400385}.Release|Any CPU.ActiveCfg = Release|Any CPU
		{5AFD311D-C662-4A1F-AE70-03A4B3400385}.Release|Any CPU.Build.0 = Release|Any CPU
		{1FD68064-5F43-4D63-8A10-2F7C39199CF0}.Debug|Any CPU.ActiveCfg = Debug|Any CPU
		{1FD68064-5F43-4D63-8A10-2F7C39199CF0}.Debug|Any CPU.Build.0 = Debug|Any CPU
		{1FD68064-5F43-4D63-8A10-2F7C39199CF0}.Release|Any CPU.ActiveCfg = Release|Any CPU
		{1FD68064-5F43-4D63-8A10-2F7C39199CF0}.Release|Any CPU.Build.0 = Release|Any CPU
	EndGlobalSection
	GlobalSection(SolutionProperties) = preSolution
		HideSolutionNode = FALSE
	EndGlobalSection
	GlobalSection(ExtensibilityGlobals) = postSolution
		SolutionGuid = {B7ED2E4C-8850-43BD-8AE9-FE287639108D}
	EndGlobalSection
EndGlobal
