
Microsoft Visual Studio Solution File, Format Version 12.00
# Visual Studio Version 17
VisualStudioVersion = 17.3.32929.385
MinimumVisualStudioVersion = 10.0.40219.1
Project("{9A19103F-16F7-4668-BE54-9A1E7A4F7556}") = "CountCharsInAString", "CountCharsInAString\CountCharsInAString.csproj", "{4B1D4190-4631-4E8E-BADF-2C795C60EF47}"
EndProject
Project("{9A19103F-16F7-4668-BE54-9A1E7A4F7556}") = "AMinorTask", "AMinorTask\AMinorTask.csproj", "{3B353CDD-1CDE-49C9-8C5A-4DCFB32178D7}"
EndProject
Project("{9A19103F-16F7-4668-BE54-9A1E7A4F7556}") = "Orders", "Orders\Orders.csproj", "{77BAEB6D-DA59-44CF-BD2A-ECAB6C75D49E}"
EndProject
Project("{FAE04EC0-301F-11D3-BF4B-00C04F79EFBC}") = "SoftUniParking", "SoftUniParking\SoftUniParking.csproj", "{F09A2445-C87A-4F7E-BECD-3C39345A57E3}"
EndProject
Global
	GlobalSection(SolutionConfigurationPlatforms) = preSolution
		Debug|Any CPU = Debug|Any CPU
		Release|Any CPU = Release|Any CPU
	EndGlobalSection
	GlobalSection(ProjectConfigurationPlatforms) = postSolution
		{4B1D4190-4631-4E8E-BADF-2C795C60EF47}.Debug|Any CPU.ActiveCfg = Debug|Any CPU
		{4B1D4190-4631-4E8E-BADF-2C795C60EF47}.Debug|Any CPU.Build.0 = Debug|Any CPU
		{4B1D4190-4631-4E8E-BADF-2C795C60EF47}.Release|Any CPU.ActiveCfg = Release|Any CPU
		{4B1D4190-4631-4E8E-BADF-2C795C60EF47}.Release|Any CPU.Build.0 = Release|Any CPU
		{3B353CDD-1CDE-49C9-8C5A-4DCFB32178D7}.Debug|Any CPU.ActiveCfg = Debug|Any CPU
		{3B353CDD-1CDE-49C9-8C5A-4DCFB32178D7}.Debug|Any CPU.Build.0 = Debug|Any CPU
		{3B353CDD-1CDE-49C9-8C5A-4DCFB32178D7}.Release|Any CPU.ActiveCfg = Release|Any CPU
		{3B353CDD-1CDE-49C9-8C5A-4DCFB32178D7}.Release|Any CPU.Build.0 = Release|Any CPU
		{77BAEB6D-DA59-44CF-BD2A-ECAB6C75D49E}.Debug|Any CPU.ActiveCfg = Debug|Any CPU
		{77BAEB6D-DA59-44CF-BD2A-ECAB6C75D49E}.Debug|Any CPU.Build.0 = Debug|Any CPU
		{77BAEB6D-DA59-44CF-BD2A-ECAB6C75D49E}.Release|Any CPU.ActiveCfg = Release|Any CPU
		{77BAEB6D-DA59-44CF-BD2A-ECAB6C75D49E}.Release|Any CPU.Build.0 = Release|Any CPU
		{F09A2445-C87A-4F7E-BECD-3C39345A57E3}.Debug|Any CPU.ActiveCfg = Debug|Any CPU
		{F09A2445-C87A-4F7E-BECD-3C39345A57E3}.Debug|Any CPU.Build.0 = Debug|Any CPU
		{F09A2445-C87A-4F7E-BECD-3C39345A57E3}.Release|Any CPU.ActiveCfg = Release|Any CPU
		{F09A2445-C87A-4F7E-BECD-3C39345A57E3}.Release|Any CPU.Build.0 = Release|Any CPU
	EndGlobalSection
	GlobalSection(SolutionProperties) = preSolution
		HideSolutionNode = FALSE
	EndGlobalSection
	GlobalSection(ExtensibilityGlobals) = postSolution
		SolutionGuid = {CC059B40-9F4D-44F3-A21F-CD320AE13B4F}
	EndGlobalSection
EndGlobal
