
Microsoft Visual Studio Solution File, Format Version 12.00
# Visual Studio Version 17
VisualStudioVersion = 17.4.33205.214
MinimumVisualStudioVersion = 10.0.40219.1
Project("{FAE04EC0-301F-11D3-BF4B-00C04F79EFBC}") = "Diagonal Difference", "Diagonal Difference\Diagonal Difference.csproj", "{E0E4AA74-EEE9-445D-8649-076A52496425}"
EndProject
Project("{FAE04EC0-301F-11D3-BF4B-00C04F79EFBC}") = "2x2 Squares in Matrix", "2x2 Squares in Matrix\2x2 Squares in Matrix.csproj", "{75DB3C36-DF20-4AF0-A7E5-41248BA030CE}"
EndProject
Project("{FAE04EC0-301F-11D3-BF4B-00C04F79EFBC}") = "Maximal Sum", "Maximal Sum\Maximal Sum.csproj", "{F2367135-81C9-4FB8-B188-7C1494AF9115}"
EndProject
Global
	GlobalSection(SolutionConfigurationPlatforms) = preSolution
		Debug|Any CPU = Debug|Any CPU
		Release|Any CPU = Release|Any CPU
	EndGlobalSection
	GlobalSection(ProjectConfigurationPlatforms) = postSolution
		{E0E4AA74-EEE9-445D-8649-076A52496425}.Debug|Any CPU.ActiveCfg = Debug|Any CPU
		{E0E4AA74-EEE9-445D-8649-076A52496425}.Debug|Any CPU.Build.0 = Debug|Any CPU
		{E0E4AA74-EEE9-445D-8649-076A52496425}.Release|Any CPU.ActiveCfg = Release|Any CPU
		{E0E4AA74-EEE9-445D-8649-076A52496425}.Release|Any CPU.Build.0 = Release|Any CPU
		{75DB3C36-DF20-4AF0-A7E5-41248BA030CE}.Debug|Any CPU.ActiveCfg = Debug|Any CPU
		{75DB3C36-DF20-4AF0-A7E5-41248BA030CE}.Debug|Any CPU.Build.0 = Debug|Any CPU
		{75DB3C36-DF20-4AF0-A7E5-41248BA030CE}.Release|Any CPU.ActiveCfg = Release|Any CPU
		{75DB3C36-DF20-4AF0-A7E5-41248BA030CE}.Release|Any CPU.Build.0 = Release|Any CPU
		{F2367135-81C9-4FB8-B188-7C1494AF9115}.Debug|Any CPU.ActiveCfg = Debug|Any CPU
		{F2367135-81C9-4FB8-B188-7C1494AF9115}.Debug|Any CPU.Build.0 = Debug|Any CPU
		{F2367135-81C9-4FB8-B188-7C1494AF9115}.Release|Any CPU.ActiveCfg = Release|Any CPU
		{F2367135-81C9-4FB8-B188-7C1494AF9115}.Release|Any CPU.Build.0 = Release|Any CPU
	EndGlobalSection
	GlobalSection(SolutionProperties) = preSolution
		HideSolutionNode = FALSE
	EndGlobalSection
	GlobalSection(ExtensibilityGlobals) = postSolution
		SolutionGuid = {8504B787-401D-4BCC-BCFA-9644783DB647}
	EndGlobalSection
EndGlobal
