
Microsoft Visual Studio Solution File, Format Version 12.00
# Visual Studio Version 17
VisualStudioVersion = 17.4.33205.214
MinimumVisualStudioVersion = 10.0.40219.1
Project("{FAE04EC0-301F-11D3-BF4B-00C04F79EFBC}") = "Diagonal Difference", "Diagonal Difference\Diagonal Difference.csproj", "{E0E4AA74-EEE9-445D-8649-076A52496425}"
EndProject
Project("{FAE04EC0-301F-11D3-BF4B-00C04F79EFBC}") = "2x2 Squares in Matrix", "2x2 Squares in Matrix\2x2 Squares in Matrix.csproj", "{75DB3C36-DF20-4AF0-A7E5-41248BA030CE}"
EndProject
Project("{FAE04EC0-301F-11D3-BF4B-00C04F79EFBC}") = "Maximal Sum", "Maximal Sum\Maximal Sum.csproj", "{F2367135-81C9-4FB8-B188-7C1494AF9115}"
EndProject
Project("{FAE04EC0-301F-11D3-BF4B-00C04F79EFBC}") = "Matrix Shuffling", "Matrix Shuffling\Matrix Shuffling.csproj", "{82C8167F-AD72-417C-911F-5BF4F8FF8F34}"
EndProject
Project("{FAE04EC0-301F-11D3-BF4B-00C04F79EFBC}") = "Snake Moves", "Snake Moves\Snake Moves.csproj", "{3FFBFB06-5908-4D44-A3CB-C5E77D7AC568}"
EndProject
Project("{FAE04EC0-301F-11D3-BF4B-00C04F79EFBC}") = "Jagged Array Manipulator", "Jagged Array Manipulator\Jagged Array Manipulator.csproj", "{E12F6FCD-8570-43D2-9035-38518CCD8D6F}"
EndProject
Project("{FAE04EC0-301F-11D3-BF4B-00C04F79EFBC}") = "Knight Game", "Knight Game\Knight Game.csproj", "{CE282310-3A8C-49CA-8A64-00967F935DD2}"
EndProject
Project("{FAE04EC0-301F-11D3-BF4B-00C04F79EFBC}") = "Radioactive Mutant Vampire Bunnies", "Radioactive Mutant Vampire Bunnies\Radioactive Mutant Vampire Bunnies.csproj", "{13EFD903-D049-436B-8A88-8D25EBC87F89}"
EndProject
Project("{FAE04EC0-301F-11D3-BF4B-00C04F79EFBC}") = "Bombs", "Bombs\Bombs.csproj", "{F70DE84A-25D2-4DCD-BF81-6B1ED3E7A9F9}"
EndProject
Project("{FAE04EC0-301F-11D3-BF4B-00C04F79EFBC}") = "Miner", "Miner\Miner.csproj", "{71B47D9A-CC2F-498D-98DF-64FA2492423C}"
EndProject
Global
	GlobalSection(SolutionConfigurationPlatforms) = preSolution
		Debug|Any CPU = Debug|Any CPU
		Release|Any CPU = Release|Any CPU
	EndGlobalSection
	GlobalSection(ProjectConfigurationPlatforms) = postSolution
		{E0E4AA74-EEE9-445D-8649-076A52496425}.Debug|Any CPU.ActiveCfg = Debug|Any CPU
		{E0E4AA74-EEE9-445D-8649-076A52496425}.Debug|Any CPU.Build.0 = Debug|Any CPU
		{E0E4AA74-EEE9-445D-8649-076A52496425}.Release|Any CPU.ActiveCfg = Release|Any CPU
		{E0E4AA74-EEE9-445D-8649-076A52496425}.Release|Any CPU.Build.0 = Release|Any CPU
		{75DB3C36-DF20-4AF0-A7E5-41248BA030CE}.Debug|Any CPU.ActiveCfg = Debug|Any CPU
		{75DB3C36-DF20-4AF0-A7E5-41248BA030CE}.Debug|Any CPU.Build.0 = Debug|Any CPU
		{75DB3C36-DF20-4AF0-A7E5-41248BA030CE}.Release|Any CPU.ActiveCfg = Release|Any CPU
		{75DB3C36-DF20-4AF0-A7E5-41248BA030CE}.Release|Any CPU.Build.0 = Release|Any CPU
		{F2367135-81C9-4FB8-B188-7C1494AF9115}.Debug|Any CPU.ActiveCfg = Debug|Any CPU
		{F2367135-81C9-4FB8-B188-7C1494AF9115}.Debug|Any CPU.Build.0 = Debug|Any CPU
		{F2367135-81C9-4FB8-B188-7C1494AF9115}.Release|Any CPU.ActiveCfg = Release|Any CPU
		{F2367135-81C9-4FB8-B188-7C1494AF9115}.Release|Any CPU.Build.0 = Release|Any CPU
		{82C8167F-AD72-417C-911F-5BF4F8FF8F34}.Debug|Any CPU.ActiveCfg = Debug|Any CPU
		{82C8167F-AD72-417C-911F-5BF4F8FF8F34}.Debug|Any CPU.Build.0 = Debug|Any CPU
		{82C8167F-AD72-417C-911F-5BF4F8FF8F34}.Release|Any CPU.ActiveCfg = Release|Any CPU
		{82C8167F-AD72-417C-911F-5BF4F8FF8F34}.Release|Any CPU.Build.0 = Release|Any CPU
		{3FFBFB06-5908-4D44-A3CB-C5E77D7AC568}.Debug|Any CPU.ActiveCfg = Debug|Any CPU
		{3FFBFB06-5908-4D44-A3CB-C5E77D7AC568}.Debug|Any CPU.Build.0 = Debug|Any CPU
		{3FFBFB06-5908-4D44-A3CB-C5E77D7AC568}.Release|Any CPU.ActiveCfg = Release|Any CPU
		{3FFBFB06-5908-4D44-A3CB-C5E77D7AC568}.Release|Any CPU.Build.0 = Release|Any CPU
		{E12F6FCD-8570-43D2-9035-38518CCD8D6F}.Debug|Any CPU.ActiveCfg = Debug|Any CPU
		{E12F6FCD-8570-43D2-9035-38518CCD8D6F}.Debug|Any CPU.Build.0 = Debug|Any CPU
		{E12F6FCD-8570-43D2-9035-38518CCD8D6F}.Release|Any CPU.ActiveCfg = Release|Any CPU
		{E12F6FCD-8570-43D2-9035-38518CCD8D6F}.Release|Any CPU.Build.0 = Release|Any CPU
		{CE282310-3A8C-49CA-8A64-00967F935DD2}.Debug|Any CPU.ActiveCfg = Debug|Any CPU
		{CE282310-3A8C-49CA-8A64-00967F935DD2}.Debug|Any CPU.Build.0 = Debug|Any CPU
		{CE282310-3A8C-49CA-8A64-00967F935DD2}.Release|Any CPU.ActiveCfg = Release|Any CPU
		{CE282310-3A8C-49CA-8A64-00967F935DD2}.Release|Any CPU.Build.0 = Release|Any CPU
		{13EFD903-D049-436B-8A88-8D25EBC87F89}.Debug|Any CPU.ActiveCfg = Debug|Any CPU
		{13EFD903-D049-436B-8A88-8D25EBC87F89}.Debug|Any CPU.Build.0 = Debug|Any CPU
		{13EFD903-D049-436B-8A88-8D25EBC87F89}.Release|Any CPU.ActiveCfg = Release|Any CPU
		{13EFD903-D049-436B-8A88-8D25EBC87F89}.Release|Any CPU.Build.0 = Release|Any CPU
		{F70DE84A-25D2-4DCD-BF81-6B1ED3E7A9F9}.Debug|Any CPU.ActiveCfg = Debug|Any CPU
		{F70DE84A-25D2-4DCD-BF81-6B1ED3E7A9F9}.Debug|Any CPU.Build.0 = Debug|Any CPU
		{F70DE84A-25D2-4DCD-BF81-6B1ED3E7A9F9}.Release|Any CPU.ActiveCfg = Release|Any CPU
		{F70DE84A-25D2-4DCD-BF81-6B1ED3E7A9F9}.Release|Any CPU.Build.0 = Release|Any CPU
		{71B47D9A-CC2F-498D-98DF-64FA2492423C}.Debug|Any CPU.ActiveCfg = Debug|Any CPU
		{71B47D9A-CC2F-498D-98DF-64FA2492423C}.Debug|Any CPU.Build.0 = Debug|Any CPU
		{71B47D9A-CC2F-498D-98DF-64FA2492423C}.Release|Any CPU.ActiveCfg = Release|Any CPU
		{71B47D9A-CC2F-498D-98DF-64FA2492423C}.Release|Any CPU.Build.0 = Release|Any CPU
	EndGlobalSection
	GlobalSection(SolutionProperties) = preSolution
		HideSolutionNode = FALSE
	EndGlobalSection
	GlobalSection(ExtensibilityGlobals) = postSolution
		SolutionGuid = {8504B787-401D-4BCC-BCFA-9644783DB647}
	EndGlobalSection
EndGlobal
