
Microsoft Visual Studio Solution File, Format Version 12.00
# Visual Studio Version 17
VisualStudioVersion = 17.3.32825.248
MinimumVisualStudioVersion = 10.0.40219.1
Project("{FAE04EC0-301F-11D3-BF4B-00C04F79EFBC}") = "ConvertMetersToKilometers", "ConvertMetersToKilometers\ConvertMetersToKilometers.csproj", "{6DF3B2F4-48D2-4BDF-B20F-A5C7FECEF1F6}"
EndProject
Project("{FAE04EC0-301F-11D3-BF4B-00C04F79EFBC}") = "PoundsToDollars", "PoundsToDollars\PoundsToDollars.csproj", "{730D0613-403C-41DD-9583-EE249E4E2007}"
EndProject
Project("{FAE04EC0-301F-11D3-BF4B-00C04F79EFBC}") = "ExactSumOfRealNumbers", "ExactSumOfRealNumbers\ExactSumOfRealNumbers.csproj", "{E0105D66-27A0-46A4-B800-4AA77D89E4FD}"
EndProject
Project("{FAE04EC0-301F-11D3-BF4B-00C04F79EFBC}") = "CenturiesToMinutes", "CenturiesToMinutes\CenturiesToMinutes.csproj", "{95BD612B-9AE0-42D1-B9B3-6CA2FAB1DD26}"
EndProject
Project("{FAE04EC0-301F-11D3-BF4B-00C04F79EFBC}") = "SpecialNumbers", "SpecialNumbers\SpecialNumbers.csproj", "{792C082E-501D-492B-9EDB-51AD4CD37A55}"
EndProject
Project("{FAE04EC0-301F-11D3-BF4B-00C04F79EFBC}") = "ReversedChars", "ReversedChars\ReversedChars.csproj", "{0F22A05F-E97D-4330-A00D-769ADB46D9CC}"
EndProject
Project("{FAE04EC0-301F-11D3-BF4B-00C04F79EFBC}") = "ConcatNames", "ConcatNames\ConcatNames.csproj", "{A464B798-B75D-4890-AA45-F905F339FD39}"
EndProject
Project("{FAE04EC0-301F-11D3-BF4B-00C04F79EFBC}") = "TownInfo", "TownInfo\TownInfo.csproj", "{F38D2153-CFC2-4359-892F-BB35D2F12C18}"
EndProject
Project("{FAE04EC0-301F-11D3-BF4B-00C04F79EFBC}") = "CharsToString", "CharsToString\CharsToString.csproj", "{ECC9BAC4-154A-4E72-A422-832CE4176E3D}"
EndProject
Project("{FAE04EC0-301F-11D3-BF4B-00C04F79EFBC}") = "LowerToUpper", "LowerToUpper\LowerToUpper.csproj", "{6068FBB8-8E46-4645-AE0F-F239B93572F9}"
EndProject
Project("{FAE04EC0-301F-11D3-BF4B-00C04F79EFBC}") = "RefactorVolumeOfPyramid", "RefactorVolumeOfPyramid\RefactorVolumeOfPyramid.csproj", "{58A4AC3C-C3F4-4BE8-AF93-5A7BEDD6722F}"
EndProject
Project("{FAE04EC0-301F-11D3-BF4B-00C04F79EFBC}") = "RefactorSpecialNumbers", "RefactorSpecialNumbers\RefactorSpecialNumbers.csproj", "{35B6A4D9-9482-4522-AE6A-3B04D39BADBC}"
EndProject
Global
	GlobalSection(SolutionConfigurationPlatforms) = preSolution
		Debug|Any CPU = Debug|Any CPU
		Release|Any CPU = Release|Any CPU
	EndGlobalSection
	GlobalSection(ProjectConfigurationPlatforms) = postSolution
		{6DF3B2F4-48D2-4BDF-B20F-A5C7FECEF1F6}.Debug|Any CPU.ActiveCfg = Debug|Any CPU
		{6DF3B2F4-48D2-4BDF-B20F-A5C7FECEF1F6}.Debug|Any CPU.Build.0 = Debug|Any CPU
		{6DF3B2F4-48D2-4BDF-B20F-A5C7FECEF1F6}.Release|Any CPU.ActiveCfg = Release|Any CPU
		{6DF3B2F4-48D2-4BDF-B20F-A5C7FECEF1F6}.Release|Any CPU.Build.0 = Release|Any CPU
		{730D0613-403C-41DD-9583-EE249E4E2007}.Debug|Any CPU.ActiveCfg = Debug|Any CPU
		{730D0613-403C-41DD-9583-EE249E4E2007}.Debug|Any CPU.Build.0 = Debug|Any CPU
		{730D0613-403C-41DD-9583-EE249E4E2007}.Release|Any CPU.ActiveCfg = Release|Any CPU
		{730D0613-403C-41DD-9583-EE249E4E2007}.Release|Any CPU.Build.0 = Release|Any CPU
		{E0105D66-27A0-46A4-B800-4AA77D89E4FD}.Debug|Any CPU.ActiveCfg = Debug|Any CPU
		{E0105D66-27A0-46A4-B800-4AA77D89E4FD}.Debug|Any CPU.Build.0 = Debug|Any CPU
		{E0105D66-27A0-46A4-B800-4AA77D89E4FD}.Release|Any CPU.ActiveCfg = Release|Any CPU
		{E0105D66-27A0-46A4-B800-4AA77D89E4FD}.Release|Any CPU.Build.0 = Release|Any CPU
		{95BD612B-9AE0-42D1-B9B3-6CA2FAB1DD26}.Debug|Any CPU.ActiveCfg = Debug|Any CPU
		{95BD612B-9AE0-42D1-B9B3-6CA2FAB1DD26}.Debug|Any CPU.Build.0 = Debug|Any CPU
		{95BD612B-9AE0-42D1-B9B3-6CA2FAB1DD26}.Release|Any CPU.ActiveCfg = Release|Any CPU
		{95BD612B-9AE0-42D1-B9B3-6CA2FAB1DD26}.Release|Any CPU.Build.0 = Release|Any CPU
		{792C082E-501D-492B-9EDB-51AD4CD37A55}.Debug|Any CPU.ActiveCfg = Debug|Any CPU
		{792C082E-501D-492B-9EDB-51AD4CD37A55}.Debug|Any CPU.Build.0 = Debug|Any CPU
		{792C082E-501D-492B-9EDB-51AD4CD37A55}.Release|Any CPU.ActiveCfg = Release|Any CPU
		{792C082E-501D-492B-9EDB-51AD4CD37A55}.Release|Any CPU.Build.0 = Release|Any CPU
		{0F22A05F-E97D-4330-A00D-769ADB46D9CC}.Debug|Any CPU.ActiveCfg = Debug|Any CPU
		{0F22A05F-E97D-4330-A00D-769ADB46D9CC}.Debug|Any CPU.Build.0 = Debug|Any CPU
		{0F22A05F-E97D-4330-A00D-769ADB46D9CC}.Release|Any CPU.ActiveCfg = Release|Any CPU
		{0F22A05F-E97D-4330-A00D-769ADB46D9CC}.Release|Any CPU.Build.0 = Release|Any CPU
		{A464B798-B75D-4890-AA45-F905F339FD39}.Debug|Any CPU.ActiveCfg = Debug|Any CPU
		{A464B798-B75D-4890-AA45-F905F339FD39}.Debug|Any CPU.Build.0 = Debug|Any CPU
		{A464B798-B75D-4890-AA45-F905F339FD39}.Release|Any CPU.ActiveCfg = Release|Any CPU
		{A464B798-B75D-4890-AA45-F905F339FD39}.Release|Any CPU.Build.0 = Release|Any CPU
		{F38D2153-CFC2-4359-892F-BB35D2F12C18}.Debug|Any CPU.ActiveCfg = Debug|Any CPU
		{F38D2153-CFC2-4359-892F-BB35D2F12C18}.Debug|Any CPU.Build.0 = Debug|Any CPU
		{F38D2153-CFC2-4359-892F-BB35D2F12C18}.Release|Any CPU.ActiveCfg = Release|Any CPU
		{F38D2153-CFC2-4359-892F-BB35D2F12C18}.Release|Any CPU.Build.0 = Release|Any CPU
		{ECC9BAC4-154A-4E72-A422-832CE4176E3D}.Debug|Any CPU.ActiveCfg = Debug|Any CPU
		{ECC9BAC4-154A-4E72-A422-832CE4176E3D}.Debug|Any CPU.Build.0 = Debug|Any CPU
		{ECC9BAC4-154A-4E72-A422-832CE4176E3D}.Release|Any CPU.ActiveCfg = Release|Any CPU
		{ECC9BAC4-154A-4E72-A422-832CE4176E3D}.Release|Any CPU.Build.0 = Release|Any CPU
		{6068FBB8-8E46-4645-AE0F-F239B93572F9}.Debug|Any CPU.ActiveCfg = Debug|Any CPU
		{6068FBB8-8E46-4645-AE0F-F239B93572F9}.Debug|Any CPU.Build.0 = Debug|Any CPU
		{6068FBB8-8E46-4645-AE0F-F239B93572F9}.Release|Any CPU.ActiveCfg = Release|Any CPU
		{6068FBB8-8E46-4645-AE0F-F239B93572F9}.Release|Any CPU.Build.0 = Release|Any CPU
		{58A4AC3C-C3F4-4BE8-AF93-5A7BEDD6722F}.Debug|Any CPU.ActiveCfg = Debug|Any CPU
		{58A4AC3C-C3F4-4BE8-AF93-5A7BEDD6722F}.Debug|Any CPU.Build.0 = Debug|Any CPU
		{58A4AC3C-C3F4-4BE8-AF93-5A7BEDD6722F}.Release|Any CPU.ActiveCfg = Release|Any CPU
		{58A4AC3C-C3F4-4BE8-AF93-5A7BEDD6722F}.Release|Any CPU.Build.0 = Release|Any CPU
		{35B6A4D9-9482-4522-AE6A-3B04D39BADBC}.Debug|Any CPU.ActiveCfg = Debug|Any CPU
		{35B6A4D9-9482-4522-AE6A-3B04D39BADBC}.Debug|Any CPU.Build.0 = Debug|Any CPU
		{35B6A4D9-9482-4522-AE6A-3B04D39BADBC}.Release|Any CPU.ActiveCfg = Release|Any CPU
		{35B6A4D9-9482-4522-AE6A-3B04D39BADBC}.Release|Any CPU.Build.0 = Release|Any CPU
	EndGlobalSection
	GlobalSection(SolutionProperties) = preSolution
		HideSolutionNode = FALSE
	EndGlobalSection
	GlobalSection(ExtensibilityGlobals) = postSolution
		SolutionGuid = {88FBFF50-00EA-45A1-860E-9DDFF18B5F6E}
	EndGlobalSection
EndGlobal
