
Microsoft Visual Studio Solution File, Format Version 12.00
# Visual Studio Version 17
VisualStudioVersion = 17.4.33205.214
MinimumVisualStudioVersion = 10.0.40219.1
Project("{FAE04EC0-301F-11D3-BF4B-00C04F79EFBC}") = "Basic Operations", "Basic Operations\Basic Operations.csproj", "{A5F08034-906C-4B7A-8445-A3FD6E35BD81}"
EndProject
Project("{FAE04EC0-301F-11D3-BF4B-00C04F79EFBC}") = "Basix Q Operations", "Basix Q Operations\Basix Q Operations.csproj", "{F40AC158-6BB8-4005-B110-01A795E91F76}"
EndProject
Project("{FAE04EC0-301F-11D3-BF4B-00C04F79EFBC}") = "Max Min Element", "Max Min Element\Max Min Element.csproj", "{F98FA99D-8E53-47FD-B4DD-B92CE9351103}"
EndProject
Project("{FAE04EC0-301F-11D3-BF4B-00C04F79EFBC}") = "Fast Food", "Fast Food\Fast Food.csproj", "{1F0071F3-F31B-4D11-BB1F-65713D3128B4}"
EndProject
Project("{FAE04EC0-301F-11D3-BF4B-00C04F79EFBC}") = "Fashion Boutique", "Fashion Boutique\Fashion Boutique.csproj", "{E7806CD5-6BCD-4A4D-885F-7D10D9C47040}"
EndProject
Project("{FAE04EC0-301F-11D3-BF4B-00C04F79EFBC}") = "Songs Queue", "Songs Queue\Songs Queue.csproj", "{9E577625-5334-48D8-ABF9-03BE2F975268}"
EndProject
Project("{FAE04EC0-301F-11D3-BF4B-00C04F79EFBC}") = "Truck Tour", "Truck Tour\Truck Tour.csproj", "{0660F37F-A109-48AE-8243-FA0F2AA82D2B}"
EndProject
Project("{FAE04EC0-301F-11D3-BF4B-00C04F79EFBC}") = "Balanced Parentheses", "Balanced Parentheses\Balanced Parentheses.csproj", "{BF4BAE41-1CCB-4D0A-81A6-0BA4442F6E50}"
EndProject
Global
	GlobalSection(SolutionConfigurationPlatforms) = preSolution
		Debug|Any CPU = Debug|Any CPU
		Release|Any CPU = Release|Any CPU
	EndGlobalSection
	GlobalSection(ProjectConfigurationPlatforms) = postSolution
		{A5F08034-906C-4B7A-8445-A3FD6E35BD81}.Debug|Any CPU.ActiveCfg = Debug|Any CPU
		{A5F08034-906C-4B7A-8445-A3FD6E35BD81}.Debug|Any CPU.Build.0 = Debug|Any CPU
		{A5F08034-906C-4B7A-8445-A3FD6E35BD81}.Release|Any CPU.ActiveCfg = Release|Any CPU
		{A5F08034-906C-4B7A-8445-A3FD6E35BD81}.Release|Any CPU.Build.0 = Release|Any CPU
		{F40AC158-6BB8-4005-B110-01A795E91F76}.Debug|Any CPU.ActiveCfg = Debug|Any CPU
		{F40AC158-6BB8-4005-B110-01A795E91F76}.Debug|Any CPU.Build.0 = Debug|Any CPU
		{F40AC158-6BB8-4005-B110-01A795E91F76}.Release|Any CPU.ActiveCfg = Release|Any CPU
		{F40AC158-6BB8-4005-B110-01A795E91F76}.Release|Any CPU.Build.0 = Release|Any CPU
		{F98FA99D-8E53-47FD-B4DD-B92CE9351103}.Debug|Any CPU.ActiveCfg = Debug|Any CPU
		{F98FA99D-8E53-47FD-B4DD-B92CE9351103}.Debug|Any CPU.Build.0 = Debug|Any CPU
		{F98FA99D-8E53-47FD-B4DD-B92CE9351103}.Release|Any CPU.ActiveCfg = Release|Any CPU
		{F98FA99D-8E53-47FD-B4DD-B92CE9351103}.Release|Any CPU.Build.0 = Release|Any CPU
		{1F0071F3-F31B-4D11-BB1F-65713D3128B4}.Debug|Any CPU.ActiveCfg = Debug|Any CPU
		{1F0071F3-F31B-4D11-BB1F-65713D3128B4}.Debug|Any CPU.Build.0 = Debug|Any CPU
		{1F0071F3-F31B-4D11-BB1F-65713D3128B4}.Release|Any CPU.ActiveCfg = Release|Any CPU
		{1F0071F3-F31B-4D11-BB1F-65713D3128B4}.Release|Any CPU.Build.0 = Release|Any CPU
		{E7806CD5-6BCD-4A4D-885F-7D10D9C47040}.Debug|Any CPU.ActiveCfg = Debug|Any CPU
		{E7806CD5-6BCD-4A4D-885F-7D10D9C47040}.Debug|Any CPU.Build.0 = Debug|Any CPU
		{E7806CD5-6BCD-4A4D-885F-7D10D9C47040}.Release|Any CPU.ActiveCfg = Release|Any CPU
		{E7806CD5-6BCD-4A4D-885F-7D10D9C47040}.Release|Any CPU.Build.0 = Release|Any CPU
		{9E577625-5334-48D8-ABF9-03BE2F975268}.Debug|Any CPU.ActiveCfg = Debug|Any CPU
		{9E577625-5334-48D8-ABF9-03BE2F975268}.Debug|Any CPU.Build.0 = Debug|Any CPU
		{9E577625-5334-48D8-ABF9-03BE2F975268}.Release|Any CPU.ActiveCfg = Release|Any CPU
		{9E577625-5334-48D8-ABF9-03BE2F975268}.Release|Any CPU.Build.0 = Release|Any CPU
		{0660F37F-A109-48AE-8243-FA0F2AA82D2B}.Debug|Any CPU.ActiveCfg = Debug|Any CPU
		{0660F37F-A109-48AE-8243-FA0F2AA82D2B}.Debug|Any CPU.Build.0 = Debug|Any CPU
		{0660F37F-A109-48AE-8243-FA0F2AA82D2B}.Release|Any CPU.ActiveCfg = Release|Any CPU
		{0660F37F-A109-48AE-8243-FA0F2AA82D2B}.Release|Any CPU.Build.0 = Release|Any CPU
		{BF4BAE41-1CCB-4D0A-81A6-0BA4442F6E50}.Debug|Any CPU.ActiveCfg = Debug|Any CPU
		{BF4BAE41-1CCB-4D0A-81A6-0BA4442F6E50}.Debug|Any CPU.Build.0 = Debug|Any CPU
		{BF4BAE41-1CCB-4D0A-81A6-0BA4442F6E50}.Release|Any CPU.ActiveCfg = Release|Any CPU
		{BF4BAE41-1CCB-4D0A-81A6-0BA4442F6E50}.Release|Any CPU.Build.0 = Release|Any CPU
	EndGlobalSection
	GlobalSection(SolutionProperties) = preSolution
		HideSolutionNode = FALSE
	EndGlobalSection
	GlobalSection(ExtensibilityGlobals) = postSolution
		SolutionGuid = {D91EAEC3-2764-426C-9BD1-1815A6069D7F}
	EndGlobalSection
EndGlobal
