
Microsoft Visual Studio Solution File, Format Version 12.00
# Visual Studio Version 17
VisualStudioVersion = 17.3.32825.248
MinimumVisualStudioVersion = 10.0.40219.1
Project("{FAE04EC0-301F-11D3-BF4B-00C04F79EFBC}") = "EncryptSortAndPrintArray", "EncryptSortAndPrintArray\EncryptSortAndPrintArray.csproj", "{DAFEB4FA-798F-4D2F-B510-7FFC373DAD98}"
EndProject
Project("{FAE04EC0-301F-11D3-BF4B-00C04F79EFBC}") = "PascalTriangle", "PascalTriangle\PascalTriangle.csproj", "{7704A799-A7A4-486D-BBDC-6260B961EB8B}"
EndProject
Project("{FAE04EC0-301F-11D3-BF4B-00C04F79EFBC}") = "RecursiveFibonacci", "RecursiveFibonacci\RecursiveFibonacci.csproj", "{AC8ACFAC-AA8D-4F1D-BD0A-67B9A793F4E2}"
EndProject
Project("{FAE04EC0-301F-11D3-BF4B-00C04F79EFBC}") = "FoldAndSum", "FoldAndSum\FoldAndSum.csproj", "{AEAAE81B-2725-4350-B1FB-6403BE1E6353}"
EndProject
Project("{FAE04EC0-301F-11D3-BF4B-00C04F79EFBC}") = "LongestIncreasingSubsequence", "LongestIncreasingSubsequence\LongestIncreasingSubsequence.csproj", "{D600139F-8287-460D-BEDA-D28B9F8EE7D6}"
EndProject
Global
	GlobalSection(SolutionConfigurationPlatforms) = preSolution
		Debug|Any CPU = Debug|Any CPU
		Release|Any CPU = Release|Any CPU
	EndGlobalSection
	GlobalSection(ProjectConfigurationPlatforms) = postSolution
		{DAFEB4FA-798F-4D2F-B510-7FFC373DAD98}.Debug|Any CPU.ActiveCfg = Debug|Any CPU
		{DAFEB4FA-798F-4D2F-B510-7FFC373DAD98}.Debug|Any CPU.Build.0 = Debug|Any CPU
		{DAFEB4FA-798F-4D2F-B510-7FFC373DAD98}.Release|Any CPU.ActiveCfg = Release|Any CPU
		{DAFEB4FA-798F-4D2F-B510-7FFC373DAD98}.Release|Any CPU.Build.0 = Release|Any CPU
		{7704A799-A7A4-486D-BBDC-6260B961EB8B}.Debug|Any CPU.ActiveCfg = Debug|Any CPU
		{7704A799-A7A4-486D-BBDC-6260B961EB8B}.Debug|Any CPU.Build.0 = Debug|Any CPU
		{7704A799-A7A4-486D-BBDC-6260B961EB8B}.Release|Any CPU.ActiveCfg = Release|Any CPU
		{7704A799-A7A4-486D-BBDC-6260B961EB8B}.Release|Any CPU.Build.0 = Release|Any CPU
		{AC8ACFAC-AA8D-4F1D-BD0A-67B9A793F4E2}.Debug|Any CPU.ActiveCfg = Debug|Any CPU
		{AC8ACFAC-AA8D-4F1D-BD0A-67B9A793F4E2}.Debug|Any CPU.Build.0 = Debug|Any CPU
		{AC8ACFAC-AA8D-4F1D-BD0A-67B9A793F4E2}.Release|Any CPU.ActiveCfg = Release|Any CPU
		{AC8ACFAC-AA8D-4F1D-BD0A-67B9A793F4E2}.Release|Any CPU.Build.0 = Release|Any CPU
		{AEAAE81B-2725-4350-B1FB-6403BE1E6353}.Debug|Any CPU.ActiveCfg = Debug|Any CPU
		{AEAAE81B-2725-4350-B1FB-6403BE1E6353}.Debug|Any CPU.Build.0 = Debug|Any CPU
		{AEAAE81B-2725-4350-B1FB-6403BE1E6353}.Release|Any CPU.ActiveCfg = Release|Any CPU
		{AEAAE81B-2725-4350-B1FB-6403BE1E6353}.Release|Any CPU.Build.0 = Release|Any CPU
		{D600139F-8287-460D-BEDA-D28B9F8EE7D6}.Debug|Any CPU.ActiveCfg = Debug|Any CPU
		{D600139F-8287-460D-BEDA-D28B9F8EE7D6}.Debug|Any CPU.Build.0 = Debug|Any CPU
		{D600139F-8287-460D-BEDA-D28B9F8EE7D6}.Release|Any CPU.ActiveCfg = Release|Any CPU
		{D600139F-8287-460D-BEDA-D28B9F8EE7D6}.Release|Any CPU.Build.0 = Release|Any CPU
	EndGlobalSection
	GlobalSection(SolutionProperties) = preSolution
		HideSolutionNode = FALSE
	EndGlobalSection
	GlobalSection(ExtensibilityGlobals) = postSolution
		SolutionGuid = {A0131BAE-310E-4D85-B23D-25C2ED005EAB}
	EndGlobalSection
EndGlobal
