
Microsoft Visual Studio Solution File, Format Version 12.00
# Visual Studio Version 17
VisualStudioVersion = 17.4.33403.182
MinimumVisualStudioVersion = 10.0.40219.1
Project("{FAE04EC0-301F-11D3-BF4B-00C04F79EFBC}") = "Farm", "Farm\Farm.csproj", "{6EB80975-EC88-4BD2-8FA9-98B11DF76470}"
EndProject
Project("{FAE04EC0-301F-11D3-BF4B-00C04F79EFBC}") = "CustomRandomList", "CustomRandomList\CustomRandomList.csproj", "{BC426DB5-5A14-4955-B50A-7ADDD05B8FC4}"
EndProject
Global
	GlobalSection(SolutionConfigurationPlatforms) = preSolution
		Debug|Any CPU = Debug|Any CPU
		Release|Any CPU = Release|Any CPU
	EndGlobalSection
	GlobalSection(ProjectConfigurationPlatforms) = postSolution
		{6EB80975-EC88-4BD2-8FA9-98B11DF76470}.Debug|Any CPU.ActiveCfg = Debug|Any CPU
		{6EB80975-EC88-4BD2-8FA9-98B11DF76470}.Debug|Any CPU.Build.0 = Debug|Any CPU
		{6EB80975-EC88-4BD2-8FA9-98B11DF76470}.Release|Any CPU.ActiveCfg = Release|Any CPU
		{6EB80975-EC88-4BD2-8FA9-98B11DF76470}.Release|Any CPU.Build.0 = Release|Any CPU
		{BC426DB5-5A14-4955-B50A-7ADDD05B8FC4}.Debug|Any CPU.ActiveCfg = Debug|Any CPU
		{BC426DB5-5A14-4955-B50A-7ADDD05B8FC4}.Debug|Any CPU.Build.0 = Debug|Any CPU
		{BC426DB5-5A14-4955-B50A-7ADDD05B8FC4}.Release|Any CPU.ActiveCfg = Release|Any CPU
		{BC426DB5-5A14-4955-B50A-7ADDD05B8FC4}.Release|Any CPU.Build.0 = Release|Any CPU
	EndGlobalSection
	GlobalSection(SolutionProperties) = preSolution
		HideSolutionNode = FALSE
	EndGlobalSection
	GlobalSection(ExtensibilityGlobals) = postSolution
		SolutionGuid = {BBDC649F-B39D-4F3C-B060-C2F1BBC7BB0F}
	EndGlobalSection
EndGlobal
