
Microsoft Visual Studio Solution File, Format Version 12.00
# Visual Studio Version 17
VisualStudioVersion = 17.4.33213.308
MinimumVisualStudioVersion = 10.0.40219.1
Project("{9A19103F-16F7-4668-BE54-9A1E7A4F7556}") = "BoxOfT", "BoxOfT\BoxOfT.csproj", "{81956A2D-83F5-4F27-9A39-78D5C589810A}"
EndProject
Project("{FAE04EC0-301F-11D3-BF4B-00C04F79EFBC}") = "GenericArrayCreator", "GenericArrayCreator\GenericArrayCreator.csproj", "{5C0D13C7-9097-4293-BE9C-E6CE5FCE67A3}"
EndProject
Global
	GlobalSection(SolutionConfigurationPlatforms) = preSolution
		Debug|Any CPU = Debug|Any CPU
		Release|Any CPU = Release|Any CPU
	EndGlobalSection
	GlobalSection(ProjectConfigurationPlatforms) = postSolution
		{81956A2D-83F5-4F27-9A39-78D5C589810A}.Debug|Any CPU.ActiveCfg = Debug|Any CPU
		{81956A2D-83F5-4F27-9A39-78D5C589810A}.Debug|Any CPU.Build.0 = Debug|Any CPU
		{81956A2D-83F5-4F27-9A39-78D5C589810A}.Release|Any CPU.ActiveCfg = Release|Any CPU
		{81956A2D-83F5-4F27-9A39-78D5C589810A}.Release|Any CPU.Build.0 = Release|Any CPU
		{5C0D13C7-9097-4293-BE9C-E6CE5FCE67A3}.Debug|Any CPU.ActiveCfg = Debug|Any CPU
		{5C0D13C7-9097-4293-BE9C-E6CE5FCE67A3}.Debug|Any CPU.Build.0 = Debug|Any CPU
		{5C0D13C7-9097-4293-BE9C-E6CE5FCE67A3}.Release|Any CPU.ActiveCfg = Release|Any CPU
		{5C0D13C7-9097-4293-BE9C-E6CE5FCE67A3}.Release|Any CPU.Build.0 = Release|Any CPU
	EndGlobalSection
	GlobalSection(SolutionProperties) = preSolution
		HideSolutionNode = FALSE
	EndGlobalSection
	GlobalSection(ExtensibilityGlobals) = postSolution
		SolutionGuid = {33B2A89F-7CB3-43D3-B5F8-5A171C5E481B}
	EndGlobalSection
EndGlobal
