
Microsoft Visual Studio Solution File, Format Version 12.00
# Visual Studio Version 17
VisualStudioVersion = 17.4.33205.214
MinimumVisualStudioVersion = 10.0.40219.1
Project("{FAE04EC0-301F-11D3-BF4B-00C04F79EFBC}") = "Car", "Car\Car.csproj", "{B9764ADF-BB56-4034-9BE0-846741DF9CF0}"
EndProject
Global
	GlobalSection(SolutionConfigurationPlatforms) = preSolution
		Debug|Any CPU = Debug|Any CPU
		Release|Any CPU = Release|Any CPU
	EndGlobalSection
	GlobalSection(ProjectConfigurationPlatforms) = postSolution
		{B9764ADF-BB56-4034-9BE0-846741DF9CF0}.Debug|Any CPU.ActiveCfg = Debug|Any CPU
		{B9764ADF-BB56-4034-9BE0-846741DF9CF0}.Debug|Any CPU.Build.0 = Debug|Any CPU
		{B9764ADF-BB56-4034-9BE0-846741DF9CF0}.Release|Any CPU.ActiveCfg = Release|Any CPU
		{B9764ADF-BB56-4034-9BE0-846741DF9CF0}.Release|Any CPU.Build.0 = Release|Any CPU
	EndGlobalSection
	GlobalSection(SolutionProperties) = preSolution
		HideSolutionNode = FALSE
	EndGlobalSection
	GlobalSection(ExtensibilityGlobals) = postSolution
		SolutionGuid = {38DE177E-BD0B-4761-9000-BAA2C34794E5}
	EndGlobalSection
EndGlobal
