
Microsoft Visual Studio Solution File, Format Version 12.00
# Visual Studio Version 17
VisualStudioVersion = 17.3.32825.248
MinimumVisualStudioVersion = 10.0.40219.1
Project("{FAE04EC0-301F-11D3-BF4B-00C04F79EFBC}") = "SumAdjacentEqualNumbers", "SumAdjacentEqualNumbers\SumAdjacentEqualNumbers.csproj", "{660DDCE5-CE31-4051-989B-F6E20FADDDAE}"
EndProject
Project("{FAE04EC0-301F-11D3-BF4B-00C04F79EFBC}") = "GaussTrick", "GaussTrick\GaussTrick.csproj", "{EAFD0773-CFE4-43E2-BFE1-4781DFA60579}"
EndProject
Global
	GlobalSection(SolutionConfigurationPlatforms) = preSolution
		Debug|Any CPU = Debug|Any CPU
		Release|Any CPU = Release|Any CPU
	EndGlobalSection
	GlobalSection(ProjectConfigurationPlatforms) = postSolution
		{660DDCE5-CE31-4051-989B-F6E20FADDDAE}.Debug|Any CPU.ActiveCfg = Debug|Any CPU
		{660DDCE5-CE31-4051-989B-F6E20FADDDAE}.Debug|Any CPU.Build.0 = Debug|Any CPU
		{660DDCE5-CE31-4051-989B-F6E20FADDDAE}.Release|Any CPU.ActiveCfg = Release|Any CPU
		{660DDCE5-CE31-4051-989B-F6E20FADDDAE}.Release|Any CPU.Build.0 = Release|Any CPU
		{EAFD0773-CFE4-43E2-BFE1-4781DFA60579}.Debug|Any CPU.ActiveCfg = Debug|Any CPU
		{EAFD0773-CFE4-43E2-BFE1-4781DFA60579}.Debug|Any CPU.Build.0 = Debug|Any CPU
		{EAFD0773-CFE4-43E2-BFE1-4781DFA60579}.Release|Any CPU.ActiveCfg = Release|Any CPU
		{EAFD0773-CFE4-43E2-BFE1-4781DFA60579}.Release|Any CPU.Build.0 = Release|Any CPU
	EndGlobalSection
	GlobalSection(SolutionProperties) = preSolution
		HideSolutionNode = FALSE
	EndGlobalSection
	GlobalSection(ExtensibilityGlobals) = postSolution
		SolutionGuid = {AEBFD95A-A1A3-4541-9187-63CEAF3E4BEC}
	EndGlobalSection
EndGlobal
