
Microsoft Visual Studio Solution File, Format Version 12.00
# Visual Studio Version 17
VisualStudioVersion = 17.3.32825.248
MinimumVisualStudioVersion = 10.0.40219.1
Project("{FAE04EC0-301F-11D3-BF4B-00C04F79EFBC}") = "SumAdjacentEqualNumbers", "SumAdjacentEqualNumbers\SumAdjacentEqualNumbers.csproj", "{660DDCE5-CE31-4051-989B-F6E20FADDDAE}"
EndProject
Project("{FAE04EC0-301F-11D3-BF4B-00C04F79EFBC}") = "GaussTrick", "GaussTrick\GaussTrick.csproj", "{EAFD0773-CFE4-43E2-BFE1-4781DFA60579}"
EndProject
Project("{FAE04EC0-301F-11D3-BF4B-00C04F79EFBC}") = "MergingLists", "MergingLists\MergingLists.csproj", "{69D42BA7-A772-48A8-A330-F4E3C1EE1F14}"
EndProject
Project("{FAE04EC0-301F-11D3-BF4B-00C04F79EFBC}") = "ListsOfProducts", "ListsOfProducts\ListsOfProducts.csproj", "{EAD1FEDE-B14C-40D8-A4DB-CE18E53E5727}"
EndProject
Project("{FAE04EC0-301F-11D3-BF4B-00C04F79EFBC}") = "RemoveNegativesAndReverse", "RemoveNegativesAndReverse\RemoveNegativesAndReverse.csproj", "{6BCC15D9-BA99-4209-9C34-668067DB18D1}"
EndProject
Project("{FAE04EC0-301F-11D3-BF4B-00C04F79EFBC}") = "ListmanipulationBasics", "ListmanipulationBasics\ListmanipulationBasics.csproj", "{0C95E38F-AAD6-41D5-A4C2-648C95A34F80}"
EndProject
Project("{FAE04EC0-301F-11D3-BF4B-00C04F79EFBC}") = "ListManipulationAdvanced", "ListManipulationAdvanced\ListManipulationAdvanced.csproj", "{7AB3A8EE-7543-4F52-89E0-718468FE0A80}"
EndProject
Global
	GlobalSection(SolutionConfigurationPlatforms) = preSolution
		Debug|Any CPU = Debug|Any CPU
		Release|Any CPU = Release|Any CPU
	EndGlobalSection
	GlobalSection(ProjectConfigurationPlatforms) = postSolution
		{660DDCE5-CE31-4051-989B-F6E20FADDDAE}.Debug|Any CPU.ActiveCfg = Debug|Any CPU
		{660DDCE5-CE31-4051-989B-F6E20FADDDAE}.Debug|Any CPU.Build.0 = Debug|Any CPU
		{660DDCE5-CE31-4051-989B-F6E20FADDDAE}.Release|Any CPU.ActiveCfg = Release|Any CPU
		{660DDCE5-CE31-4051-989B-F6E20FADDDAE}.Release|Any CPU.Build.0 = Release|Any CPU
		{EAFD0773-CFE4-43E2-BFE1-4781DFA60579}.Debug|Any CPU.ActiveCfg = Debug|Any CPU
		{EAFD0773-CFE4-43E2-BFE1-4781DFA60579}.Debug|Any CPU.Build.0 = Debug|Any CPU
		{EAFD0773-CFE4-43E2-BFE1-4781DFA60579}.Release|Any CPU.ActiveCfg = Release|Any CPU
		{EAFD0773-CFE4-43E2-BFE1-4781DFA60579}.Release|Any CPU.Build.0 = Release|Any CPU
		{69D42BA7-A772-48A8-A330-F4E3C1EE1F14}.Debug|Any CPU.ActiveCfg = Debug|Any CPU
		{69D42BA7-A772-48A8-A330-F4E3C1EE1F14}.Debug|Any CPU.Build.0 = Debug|Any CPU
		{69D42BA7-A772-48A8-A330-F4E3C1EE1F14}.Release|Any CPU.ActiveCfg = Release|Any CPU
		{69D42BA7-A772-48A8-A330-F4E3C1EE1F14}.Release|Any CPU.Build.0 = Release|Any CPU
		{EAD1FEDE-B14C-40D8-A4DB-CE18E53E5727}.Debug|Any CPU.ActiveCfg = Debug|Any CPU
		{EAD1FEDE-B14C-40D8-A4DB-CE18E53E5727}.Debug|Any CPU.Build.0 = Debug|Any CPU
		{EAD1FEDE-B14C-40D8-A4DB-CE18E53E5727}.Release|Any CPU.ActiveCfg = Release|Any CPU
		{EAD1FEDE-B14C-40D8-A4DB-CE18E53E5727}.Release|Any CPU.Build.0 = Release|Any CPU
		{6BCC15D9-BA99-4209-9C34-668067DB18D1}.Debug|Any CPU.ActiveCfg = Debug|Any CPU
		{6BCC15D9-BA99-4209-9C34-668067DB18D1}.Debug|Any CPU.Build.0 = Debug|Any CPU
		{6BCC15D9-BA99-4209-9C34-668067DB18D1}.Release|Any CPU.ActiveCfg = Release|Any CPU
		{6BCC15D9-BA99-4209-9C34-668067DB18D1}.Release|Any CPU.Build.0 = Release|Any CPU
		{0C95E38F-AAD6-41D5-A4C2-648C95A34F80}.Debug|Any CPU.ActiveCfg = Debug|Any CPU
		{0C95E38F-AAD6-41D5-A4C2-648C95A34F80}.Debug|Any CPU.Build.0 = Debug|Any CPU
		{0C95E38F-AAD6-41D5-A4C2-648C95A34F80}.Release|Any CPU.ActiveCfg = Release|Any CPU
		{0C95E38F-AAD6-41D5-A4C2-648C95A34F80}.Release|Any CPU.Build.0 = Release|Any CPU
		{7AB3A8EE-7543-4F52-89E0-718468FE0A80}.Debug|Any CPU.ActiveCfg = Debug|Any CPU
		{7AB3A8EE-7543-4F52-89E0-718468FE0A80}.Debug|Any CPU.Build.0 = Debug|Any CPU
		{7AB3A8EE-7543-4F52-89E0-718468FE0A80}.Release|Any CPU.ActiveCfg = Release|Any CPU
		{7AB3A8EE-7543-4F52-89E0-718468FE0A80}.Release|Any CPU.Build.0 = Release|Any CPU
	EndGlobalSection
	GlobalSection(SolutionProperties) = preSolution
		HideSolutionNode = FALSE
	EndGlobalSection
	GlobalSection(ExtensibilityGlobals) = postSolution
		SolutionGuid = {AEBFD95A-A1A3-4541-9187-63CEAF3E4BEC}
	EndGlobalSection
EndGlobal
