
Microsoft Visual Studio Solution File, Format Version 12.00
# Visual Studio Version 17
VisualStudioVersion = 17.3.32825.248
MinimumVisualStudioVersion = 10.0.40219.1
Project("{FAE04EC0-301F-11D3-BF4B-00C04F79EFBC}") = "DataTypes", "DataTypes\DataTypes.csproj", "{70F88CF8-ED45-42EC-BB6C-566193482144}"
EndProject
Project("{FAE04EC0-301F-11D3-BF4B-00C04F79EFBC}") = "CenterPoint", "CenterPoint\CenterPoint.csproj", "{38897EA2-1C76-4BCC-9B9A-5DFE3417E273}"
EndProject
Project("{FAE04EC0-301F-11D3-BF4B-00C04F79EFBC}") = "LongerLine", "LongerLine\LongerLine.csproj", "{DD0800AE-D0F9-47D2-A321-A17E954E06CC}"
EndProject
Global
	GlobalSection(SolutionConfigurationPlatforms) = preSolution
		Debug|Any CPU = Debug|Any CPU
		Release|Any CPU = Release|Any CPU
	EndGlobalSection
	GlobalSection(ProjectConfigurationPlatforms) = postSolution
		{70F88CF8-ED45-42EC-BB6C-566193482144}.Debug|Any CPU.ActiveCfg = Debug|Any CPU
		{70F88CF8-ED45-42EC-BB6C-566193482144}.Debug|Any CPU.Build.0 = Debug|Any CPU
		{70F88CF8-ED45-42EC-BB6C-566193482144}.Release|Any CPU.ActiveCfg = Release|Any CPU
		{70F88CF8-ED45-42EC-BB6C-566193482144}.Release|Any CPU.Build.0 = Release|Any CPU
		{38897EA2-1C76-4BCC-9B9A-5DFE3417E273}.Debug|Any CPU.ActiveCfg = Debug|Any CPU
		{38897EA2-1C76-4BCC-9B9A-5DFE3417E273}.Debug|Any CPU.Build.0 = Debug|Any CPU
		{38897EA2-1C76-4BCC-9B9A-5DFE3417E273}.Release|Any CPU.ActiveCfg = Release|Any CPU
		{38897EA2-1C76-4BCC-9B9A-5DFE3417E273}.Release|Any CPU.Build.0 = Release|Any CPU
		{DD0800AE-D0F9-47D2-A321-A17E954E06CC}.Debug|Any CPU.ActiveCfg = Debug|Any CPU
		{DD0800AE-D0F9-47D2-A321-A17E954E06CC}.Debug|Any CPU.Build.0 = Debug|Any CPU
		{DD0800AE-D0F9-47D2-A321-A17E954E06CC}.Release|Any CPU.ActiveCfg = Release|Any CPU
		{DD0800AE-D0F9-47D2-A321-A17E954E06CC}.Release|Any CPU.Build.0 = Release|Any CPU
	EndGlobalSection
	GlobalSection(SolutionProperties) = preSolution
		HideSolutionNode = FALSE
	EndGlobalSection
	GlobalSection(ExtensibilityGlobals) = postSolution
		SolutionGuid = {755F60F4-C258-4CAD-A708-8D126DFD0209}
	EndGlobalSection
EndGlobal
