
Microsoft Visual Studio Solution File, Format Version 12.00
# Visual Studio Version 17
VisualStudioVersion = 17.3.32825.248
MinimumVisualStudioVersion = 10.0.40219.1
Project("{FAE04EC0-301F-11D3-BF4B-00C04F79EFBC}") = "SmallestOfThreeNumbers", "SmallestOfThreeNumbers\SmallestOfThreeNumbers.csproj", "{AC43F50B-F8B3-42AE-8B68-BA42A1416F0B}"
EndProject
Project("{FAE04EC0-301F-11D3-BF4B-00C04F79EFBC}") = "VowelsCount", "VowelsCount\VowelsCount.csproj", "{FFC7C332-E967-4C40-ABB3-4E97AEB182C7}"
EndProject
Project("{FAE04EC0-301F-11D3-BF4B-00C04F79EFBC}") = "CharactersInRange", "CharactersInRange\CharactersInRange.csproj", "{22D18B2B-409A-43D9-947C-83B944319FAC}"
EndProject
Project("{FAE04EC0-301F-11D3-BF4B-00C04F79EFBC}") = "PasswordValidator", "PasswordValidator\PasswordValidator.csproj", "{B93F0209-6440-429D-A9FF-2485ED844CF4}"
EndProject
Project("{FAE04EC0-301F-11D3-BF4B-00C04F79EFBC}") = "AddAndSubtract", "AddAndSubtract\AddAndSubtract.csproj", "{3D3054A0-C9C1-4505-A253-D018964FE522}"
EndProject
Project("{FAE04EC0-301F-11D3-BF4B-00C04F79EFBC}") = "MiddleCharacters", "MiddleCharacters\MiddleCharacters.csproj", "{53F275F0-9184-47F8-8422-6F9529480732}"
EndProject
Project("{FAE04EC0-301F-11D3-BF4B-00C04F79EFBC}") = "NxNMatrix", "NxNMatrix\NxNMatrix.csproj", "{E44C8926-4440-4F4B-A38D-7A3BE54C7345}"
EndProject
Project("{FAE04EC0-301F-11D3-BF4B-00C04F79EFBC}") = "FactorialDevision", "FactorialDevision\FactorialDevision.csproj", "{557624A0-59B2-4603-86E9-D554D5DCF187}"
EndProject
Global
	GlobalSection(SolutionConfigurationPlatforms) = preSolution
		Debug|Any CPU = Debug|Any CPU
		Release|Any CPU = Release|Any CPU
	EndGlobalSection
	GlobalSection(ProjectConfigurationPlatforms) = postSolution
		{AC43F50B-F8B3-42AE-8B68-BA42A1416F0B}.Debug|Any CPU.ActiveCfg = Debug|Any CPU
		{AC43F50B-F8B3-42AE-8B68-BA42A1416F0B}.Debug|Any CPU.Build.0 = Debug|Any CPU
		{AC43F50B-F8B3-42AE-8B68-BA42A1416F0B}.Release|Any CPU.ActiveCfg = Release|Any CPU
		{AC43F50B-F8B3-42AE-8B68-BA42A1416F0B}.Release|Any CPU.Build.0 = Release|Any CPU
		{FFC7C332-E967-4C40-ABB3-4E97AEB182C7}.Debug|Any CPU.ActiveCfg = Debug|Any CPU
		{FFC7C332-E967-4C40-ABB3-4E97AEB182C7}.Debug|Any CPU.Build.0 = Debug|Any CPU
		{FFC7C332-E967-4C40-ABB3-4E97AEB182C7}.Release|Any CPU.ActiveCfg = Release|Any CPU
		{FFC7C332-E967-4C40-ABB3-4E97AEB182C7}.Release|Any CPU.Build.0 = Release|Any CPU
		{22D18B2B-409A-43D9-947C-83B944319FAC}.Debug|Any CPU.ActiveCfg = Debug|Any CPU
		{22D18B2B-409A-43D9-947C-83B944319FAC}.Debug|Any CPU.Build.0 = Debug|Any CPU
		{22D18B2B-409A-43D9-947C-83B944319FAC}.Release|Any CPU.ActiveCfg = Release|Any CPU
		{22D18B2B-409A-43D9-947C-83B944319FAC}.Release|Any CPU.Build.0 = Release|Any CPU
		{B93F0209-6440-429D-A9FF-2485ED844CF4}.Debug|Any CPU.ActiveCfg = Debug|Any CPU
		{B93F0209-6440-429D-A9FF-2485ED844CF4}.Debug|Any CPU.Build.0 = Debug|Any CPU
		{B93F0209-6440-429D-A9FF-2485ED844CF4}.Release|Any CPU.ActiveCfg = Release|Any CPU
		{B93F0209-6440-429D-A9FF-2485ED844CF4}.Release|Any CPU.Build.0 = Release|Any CPU
		{3D3054A0-C9C1-4505-A253-D018964FE522}.Debug|Any CPU.ActiveCfg = Debug|Any CPU
		{3D3054A0-C9C1-4505-A253-D018964FE522}.Debug|Any CPU.Build.0 = Debug|Any CPU
		{3D3054A0-C9C1-4505-A253-D018964FE522}.Release|Any CPU.ActiveCfg = Release|Any CPU
		{3D3054A0-C9C1-4505-A253-D018964FE522}.Release|Any CPU.Build.0 = Release|Any CPU
		{53F275F0-9184-47F8-8422-6F9529480732}.Debug|Any CPU.ActiveCfg = Debug|Any CPU
		{53F275F0-9184-47F8-8422-6F9529480732}.Debug|Any CPU.Build.0 = Debug|Any CPU
		{53F275F0-9184-47F8-8422-6F9529480732}.Release|Any CPU.ActiveCfg = Release|Any CPU
		{53F275F0-9184-47F8-8422-6F9529480732}.Release|Any CPU.Build.0 = Release|Any CPU
		{E44C8926-4440-4F4B-A38D-7A3BE54C7345}.Debug|Any CPU.ActiveCfg = Debug|Any CPU
		{E44C8926-4440-4F4B-A38D-7A3BE54C7345}.Debug|Any CPU.Build.0 = Debug|Any CPU
		{E44C8926-4440-4F4B-A38D-7A3BE54C7345}.Release|Any CPU.ActiveCfg = Release|Any CPU
		{E44C8926-4440-4F4B-A38D-7A3BE54C7345}.Release|Any CPU.Build.0 = Release|Any CPU
		{557624A0-59B2-4603-86E9-D554D5DCF187}.Debug|Any CPU.ActiveCfg = Debug|Any CPU
		{557624A0-59B2-4603-86E9-D554D5DCF187}.Debug|Any CPU.Build.0 = Debug|Any CPU
		{557624A0-59B2-4603-86E9-D554D5DCF187}.Release|Any CPU.ActiveCfg = Release|Any CPU
		{557624A0-59B2-4603-86E9-D554D5DCF187}.Release|Any CPU.Build.0 = Release|Any CPU
	EndGlobalSection
	GlobalSection(SolutionProperties) = preSolution
		HideSolutionNode = FALSE
	EndGlobalSection
	GlobalSection(ExtensibilityGlobals) = postSolution
		SolutionGuid = {25C2D733-70E2-4DB1-A746-5B871788843F}
	EndGlobalSection
EndGlobal
