
Microsoft Visual Studio Solution File, Format Version 12.00
# Visual Studio Version 17
VisualStudioVersion = 17.4.33205.214
MinimumVisualStudioVersion = 10.0.40219.1
Project("{FAE04EC0-301F-11D3-BF4B-00C04F79EFBC}") = "Odd Lines", "Odd Lines\Odd Lines.csproj", "{347C97FD-4291-4F2C-A6E1-A26E64C540B5}"
EndProject
Global
	GlobalSection(SolutionConfigurationPlatforms) = preSolution
		Debug|Any CPU = Debug|Any CPU
		Release|Any CPU = Release|Any CPU
	EndGlobalSection
	GlobalSection(ProjectConfigurationPlatforms) = postSolution
		{347C97FD-4291-4F2C-A6E1-A26E64C540B5}.Debug|Any CPU.ActiveCfg = Debug|Any CPU
		{347C97FD-4291-4F2C-A6E1-A26E64C540B5}.Debug|Any CPU.Build.0 = Debug|Any CPU
		{347C97FD-4291-4F2C-A6E1-A26E64C540B5}.Release|Any CPU.ActiveCfg = Release|Any CPU
		{347C97FD-4291-4F2C-A6E1-A26E64C540B5}.Release|Any CPU.Build.0 = Release|Any CPU
	EndGlobalSection
	GlobalSection(SolutionProperties) = preSolution
		HideSolutionNode = FALSE
	EndGlobalSection
	GlobalSection(ExtensibilityGlobals) = postSolution
		SolutionGuid = {CBF1D36A-8DE0-4152-8567-FB27E951629A}
	EndGlobalSection
EndGlobal
