
Microsoft Visual Studio Solution File, Format Version 12.00
# Visual Studio Version 17
VisualStudioVersion = 17.1.32210.238
MinimumVisualStudioVersion = 10.0.40219.1
Project("{FAE04EC0-301F-11D3-BF4B-00C04F79EFBC}") = "DayBreak", "DayBreak\DayBreak.csproj", "{0EB1A999-0E1E-49D6-8296-0AFBBE17C25E}"
EndProject
Project("{FAE04EC0-301F-11D3-BF4B-00C04F79EFBC}") = "WeekendOrWorkingDay", "WeekendOrWorkingDay\WeekendOrWorkingDay.csproj", "{2B74E399-88DC-4B72-ACB1-95679DFC0DC5}"
EndProject
Project("{FAE04EC0-301F-11D3-BF4B-00C04F79EFBC}") = "AnimalType", "AnimalType\AnimalType.csproj", "{BDDAD5CD-4556-4C80-9528-C01CEB6BB575}"
EndProject
Project("{FAE04EC0-301F-11D3-BF4B-00C04F79EFBC}") = "PersonalTitles", "PersonalTitles\PersonalTitles.csproj", "{66488F58-B21A-427C-93B4-60A9ACAF6870}"
EndProject
Project("{FAE04EC0-301F-11D3-BF4B-00C04F79EFBC}") = "SmallShop", "SmallShop\SmallShop.csproj", "{89EEAFC9-37CA-46D9-8D95-F06A77853C5E}"
EndProject
Project("{FAE04EC0-301F-11D3-BF4B-00C04F79EFBC}") = "NumberInRange", "NumberInRange\NumberInRange.csproj", "{F051754F-DB0C-4EFC-B33D-5BEB859A45F7}"
EndProject
Project("{FAE04EC0-301F-11D3-BF4B-00C04F79EFBC}") = "WorkingHours", "WorkingHours\WorkingHours.csproj", "{DE0E3A49-DB6F-4BE4-B45E-9E0B916C502C}"
EndProject
Project("{FAE04EC0-301F-11D3-BF4B-00C04F79EFBC}") = "CinemaTicket", "CinemaTicket\CinemaTicket.csproj", "{11176777-0E1E-4233-84CE-8F94E7B0CBE0}"
EndProject
Project("{FAE04EC0-301F-11D3-BF4B-00C04F79EFBC}") = "FruitOrVegetable", "FruitOrVegetable\FruitOrVegetable.csproj", "{F9B82992-7C60-4A64-93E3-C5065CBDD05B}"
EndProject
Project("{FAE04EC0-301F-11D3-BF4B-00C04F79EFBC}") = "InvalidNumber", "InvalidNumber\InvalidNumber.csproj", "{DFF2320F-D0DA-4D06-936A-000EC86FC47A}"
EndProject
Project("{FAE04EC0-301F-11D3-BF4B-00C04F79EFBC}") = "FruitShop", "FruitShop\FruitShop.csproj", "{E47FD59F-121E-4701-9C41-CA9B25A0A741}"
EndProject
Project("{FAE04EC0-301F-11D3-BF4B-00C04F79EFBC}") = "TradeCommissions", "TradeCommissions\TradeCommissions.csproj", "{E5703ED7-3261-45BE-B364-07751E057912}"
EndProject
Global
	GlobalSection(SolutionConfigurationPlatforms) = preSolution
		Debug|Any CPU = Debug|Any CPU
		Release|Any CPU = Release|Any CPU
	EndGlobalSection
	GlobalSection(ProjectConfigurationPlatforms) = postSolution
		{0EB1A999-0E1E-49D6-8296-0AFBBE17C25E}.Debug|Any CPU.ActiveCfg = Debug|Any CPU
		{0EB1A999-0E1E-49D6-8296-0AFBBE17C25E}.Debug|Any CPU.Build.0 = Debug|Any CPU
		{0EB1A999-0E1E-49D6-8296-0AFBBE17C25E}.Release|Any CPU.ActiveCfg = Release|Any CPU
		{0EB1A999-0E1E-49D6-8296-0AFBBE17C25E}.Release|Any CPU.Build.0 = Release|Any CPU
		{2B74E399-88DC-4B72-ACB1-95679DFC0DC5}.Debug|Any CPU.ActiveCfg = Debug|Any CPU
		{2B74E399-88DC-4B72-ACB1-95679DFC0DC5}.Debug|Any CPU.Build.0 = Debug|Any CPU
		{2B74E399-88DC-4B72-ACB1-95679DFC0DC5}.Release|Any CPU.ActiveCfg = Release|Any CPU
		{2B74E399-88DC-4B72-ACB1-95679DFC0DC5}.Release|Any CPU.Build.0 = Release|Any CPU
		{BDDAD5CD-4556-4C80-9528-C01CEB6BB575}.Debug|Any CPU.ActiveCfg = Debug|Any CPU
		{BDDAD5CD-4556-4C80-9528-C01CEB6BB575}.Debug|Any CPU.Build.0 = Debug|Any CPU
		{BDDAD5CD-4556-4C80-9528-C01CEB6BB575}.Release|Any CPU.ActiveCfg = Release|Any CPU
		{BDDAD5CD-4556-4C80-9528-C01CEB6BB575}.Release|Any CPU.Build.0 = Release|Any CPU
		{66488F58-B21A-427C-93B4-60A9ACAF6870}.Debug|Any CPU.ActiveCfg = Debug|Any CPU
		{66488F58-B21A-427C-93B4-60A9ACAF6870}.Debug|Any CPU.Build.0 = Debug|Any CPU
		{66488F58-B21A-427C-93B4-60A9ACAF6870}.Release|Any CPU.ActiveCfg = Release|Any CPU
		{66488F58-B21A-427C-93B4-60A9ACAF6870}.Release|Any CPU.Build.0 = Release|Any CPU
		{89EEAFC9-37CA-46D9-8D95-F06A77853C5E}.Debug|Any CPU.ActiveCfg = Debug|Any CPU
		{89EEAFC9-37CA-46D9-8D95-F06A77853C5E}.Debug|Any CPU.Build.0 = Debug|Any CPU
		{89EEAFC9-37CA-46D9-8D95-F06A77853C5E}.Release|Any CPU.ActiveCfg = Release|Any CPU
		{89EEAFC9-37CA-46D9-8D95-F06A77853C5E}.Release|Any CPU.Build.0 = Release|Any CPU
		{F051754F-DB0C-4EFC-B33D-5BEB859A45F7}.Debug|Any CPU.ActiveCfg = Debug|Any CPU
		{F051754F-DB0C-4EFC-B33D-5BEB859A45F7}.Debug|Any CPU.Build.0 = Debug|Any CPU
		{F051754F-DB0C-4EFC-B33D-5BEB859A45F7}.Release|Any CPU.ActiveCfg = Release|Any CPU
		{F051754F-DB0C-4EFC-B33D-5BEB859A45F7}.Release|Any CPU.Build.0 = Release|Any CPU
		{DE0E3A49-DB6F-4BE4-B45E-9E0B916C502C}.Debug|Any CPU.ActiveCfg = Debug|Any CPU
		{DE0E3A49-DB6F-4BE4-B45E-9E0B916C502C}.Debug|Any CPU.Build.0 = Debug|Any CPU
		{DE0E3A49-DB6F-4BE4-B45E-9E0B916C502C}.Release|Any CPU.ActiveCfg = Release|Any CPU
		{DE0E3A49-DB6F-4BE4-B45E-9E0B916C502C}.Release|Any CPU.Build.0 = Release|Any CPU
		{11176777-0E1E-4233-84CE-8F94E7B0CBE0}.Debug|Any CPU.ActiveCfg = Debug|Any CPU
		{11176777-0E1E-4233-84CE-8F94E7B0CBE0}.Debug|Any CPU.Build.0 = Debug|Any CPU
		{11176777-0E1E-4233-84CE-8F94E7B0CBE0}.Release|Any CPU.ActiveCfg = Release|Any CPU
		{11176777-0E1E-4233-84CE-8F94E7B0CBE0}.Release|Any CPU.Build.0 = Release|Any CPU
		{F9B82992-7C60-4A64-93E3-C5065CBDD05B}.Debug|Any CPU.ActiveCfg = Debug|Any CPU
		{F9B82992-7C60-4A64-93E3-C5065CBDD05B}.Debug|Any CPU.Build.0 = Debug|Any CPU
		{F9B82992-7C60-4A64-93E3-C5065CBDD05B}.Release|Any CPU.ActiveCfg = Release|Any CPU
		{F9B82992-7C60-4A64-93E3-C5065CBDD05B}.Release|Any CPU.Build.0 = Release|Any CPU
		{DFF2320F-D0DA-4D06-936A-000EC86FC47A}.Debug|Any CPU.ActiveCfg = Debug|Any CPU
		{DFF2320F-D0DA-4D06-936A-000EC86FC47A}.Debug|Any CPU.Build.0 = Debug|Any CPU
		{DFF2320F-D0DA-4D06-936A-000EC86FC47A}.Release|Any CPU.ActiveCfg = Release|Any CPU
		{DFF2320F-D0DA-4D06-936A-000EC86FC47A}.Release|Any CPU.Build.0 = Release|Any CPU
		{E47FD59F-121E-4701-9C41-CA9B25A0A741}.Debug|Any CPU.ActiveCfg = Debug|Any CPU
		{E47FD59F-121E-4701-9C41-CA9B25A0A741}.Debug|Any CPU.Build.0 = Debug|Any CPU
		{E47FD59F-121E-4701-9C41-CA9B25A0A741}.Release|Any CPU.ActiveCfg = Release|Any CPU
		{E47FD59F-121E-4701-9C41-CA9B25A0A741}.Release|Any CPU.Build.0 = Release|Any CPU
		{E5703ED7-3261-45BE-B364-07751E057912}.Debug|Any CPU.ActiveCfg = Debug|Any CPU
		{E5703ED7-3261-45BE-B364-07751E057912}.Debug|Any CPU.Build.0 = Debug|Any CPU
		{E5703ED7-3261-45BE-B364-07751E057912}.Release|Any CPU.ActiveCfg = Release|Any CPU
		{E5703ED7-3261-45BE-B364-07751E057912}.Release|Any CPU.Build.0 = Release|Any CPU
	EndGlobalSection
	GlobalSection(SolutionProperties) = preSolution
		HideSolutionNode = FALSE
	EndGlobalSection
	GlobalSection(ExtensibilityGlobals) = postSolution
		SolutionGuid = {38442F01-9BD1-466D-8168-F723A0F9A09F}
	EndGlobalSection
EndGlobal
