
Microsoft Visual Studio Solution File, Format Version 12.00
# Visual Studio Version 17
VisualStudioVersion = 17.3.32825.248
MinimumVisualStudioVersion = 10.0.40219.1
Project("{FAE04EC0-301F-11D3-BF4B-00C04F79EFBC}") = "SignOfIntegerNumbers", "SignOfIntegerNumbers\SignOfIntegerNumbers.csproj", "{25307CF9-89C4-4D95-8994-4A09D8369BC0}"
EndProject
Project("{FAE04EC0-301F-11D3-BF4B-00C04F79EFBC}") = "Grades", "Grades\Grades.csproj", "{6F2A2783-1FC6-46A9-8E54-055F034AD055}"
EndProject
Project("{FAE04EC0-301F-11D3-BF4B-00C04F79EFBC}") = "Calculations", "Calculations\Calculations.csproj", "{93A07B82-1EE2-408C-A9AF-E64028595643}"
EndProject
Project("{FAE04EC0-301F-11D3-BF4B-00C04F79EFBC}") = "PrintingTriangle", "PrintingTriangle\PrintingTriangle.csproj", "{75A55E25-526B-4492-BFEB-2B27D3C3BC79}"
EndProject
Project("{FAE04EC0-301F-11D3-BF4B-00C04F79EFBC}") = "Orders", "Orders\Orders.csproj", "{038739A7-43B9-4F74-B019-2DDDEA27F3F5}"
EndProject
Project("{FAE04EC0-301F-11D3-BF4B-00C04F79EFBC}") = "CalculateRectangleArea", "CalculateRectangleArea\CalculateRectangleArea.csproj", "{B01CA3C2-49BE-458E-A6E4-239200AEE16F}"
EndProject
Project("{FAE04EC0-301F-11D3-BF4B-00C04F79EFBC}") = "RepeatString", "RepeatString\RepeatString.csproj", "{A56478A1-D098-4466-B818-5178B1398E3D}"
EndProject
Project("{FAE04EC0-301F-11D3-BF4B-00C04F79EFBC}") = "MathPower", "MathPower\MathPower.csproj", "{B538E223-D93F-4982-B02E-D491DBE3FC7E}"
EndProject
Project("{FAE04EC0-301F-11D3-BF4B-00C04F79EFBC}") = "GreaterOfTwoValues", "GreaterOfTwoValues\GreaterOfTwoValues.csproj", "{002F22D6-D122-4BC5-BF8F-4DC7011AB968}"
EndProject
Project("{FAE04EC0-301F-11D3-BF4B-00C04F79EFBC}") = "MultiplyEvenByOdds", "MultiplyEvenByOdds\MultiplyEvenByOdds.csproj", "{A41B3886-07C5-47CC-9F4A-39BF670EEF8C}"
EndProject
Project("{FAE04EC0-301F-11D3-BF4B-00C04F79EFBC}") = "MathOperations", "MathOperations\MathOperations.csproj", "{09E7398F-C6A4-49FB-8FDA-493B4FEDE0E7}"
EndProject
Global
	GlobalSection(SolutionConfigurationPlatforms) = preSolution
		Debug|Any CPU = Debug|Any CPU
		Release|Any CPU = Release|Any CPU
	EndGlobalSection
	GlobalSection(ProjectConfigurationPlatforms) = postSolution
		{25307CF9-89C4-4D95-8994-4A09D8369BC0}.Debug|Any CPU.ActiveCfg = Debug|Any CPU
		{25307CF9-89C4-4D95-8994-4A09D8369BC0}.Debug|Any CPU.Build.0 = Debug|Any CPU
		{25307CF9-89C4-4D95-8994-4A09D8369BC0}.Release|Any CPU.ActiveCfg = Release|Any CPU
		{25307CF9-89C4-4D95-8994-4A09D8369BC0}.Release|Any CPU.Build.0 = Release|Any CPU
		{6F2A2783-1FC6-46A9-8E54-055F034AD055}.Debug|Any CPU.ActiveCfg = Debug|Any CPU
		{6F2A2783-1FC6-46A9-8E54-055F034AD055}.Debug|Any CPU.Build.0 = Debug|Any CPU
		{6F2A2783-1FC6-46A9-8E54-055F034AD055}.Release|Any CPU.ActiveCfg = Release|Any CPU
		{6F2A2783-1FC6-46A9-8E54-055F034AD055}.Release|Any CPU.Build.0 = Release|Any CPU
		{93A07B82-1EE2-408C-A9AF-E64028595643}.Debug|Any CPU.ActiveCfg = Debug|Any CPU
		{93A07B82-1EE2-408C-A9AF-E64028595643}.Debug|Any CPU.Build.0 = Debug|Any CPU
		{93A07B82-1EE2-408C-A9AF-E64028595643}.Release|Any CPU.ActiveCfg = Release|Any CPU
		{93A07B82-1EE2-408C-A9AF-E64028595643}.Release|Any CPU.Build.0 = Release|Any CPU
		{75A55E25-526B-4492-BFEB-2B27D3C3BC79}.Debug|Any CPU.ActiveCfg = Debug|Any CPU
		{75A55E25-526B-4492-BFEB-2B27D3C3BC79}.Debug|Any CPU.Build.0 = Debug|Any CPU
		{75A55E25-526B-4492-BFEB-2B27D3C3BC79}.Release|Any CPU.ActiveCfg = Release|Any CPU
		{75A55E25-526B-4492-BFEB-2B27D3C3BC79}.Release|Any CPU.Build.0 = Release|Any CPU
		{038739A7-43B9-4F74-B019-2DDDEA27F3F5}.Debug|Any CPU.ActiveCfg = Debug|Any CPU
		{038739A7-43B9-4F74-B019-2DDDEA27F3F5}.Debug|Any CPU.Build.0 = Debug|Any CPU
		{038739A7-43B9-4F74-B019-2DDDEA27F3F5}.Release|Any CPU.ActiveCfg = Release|Any CPU
		{038739A7-43B9-4F74-B019-2DDDEA27F3F5}.Release|Any CPU.Build.0 = Release|Any CPU
		{B01CA3C2-49BE-458E-A6E4-239200AEE16F}.Debug|Any CPU.ActiveCfg = Debug|Any CPU
		{B01CA3C2-49BE-458E-A6E4-239200AEE16F}.Debug|Any CPU.Build.0 = Debug|Any CPU
		{B01CA3C2-49BE-458E-A6E4-239200AEE16F}.Release|Any CPU.ActiveCfg = Release|Any CPU
		{B01CA3C2-49BE-458E-A6E4-239200AEE16F}.Release|Any CPU.Build.0 = Release|Any CPU
		{A56478A1-D098-4466-B818-5178B1398E3D}.Debug|Any CPU.ActiveCfg = Debug|Any CPU
		{A56478A1-D098-4466-B818-5178B1398E3D}.Debug|Any CPU.Build.0 = Debug|Any CPU
		{A56478A1-D098-4466-B818-5178B1398E3D}.Release|Any CPU.ActiveCfg = Release|Any CPU
		{A56478A1-D098-4466-B818-5178B1398E3D}.Release|Any CPU.Build.0 = Release|Any CPU
		{B538E223-D93F-4982-B02E-D491DBE3FC7E}.Debug|Any CPU.ActiveCfg = Debug|Any CPU
		{B538E223-D93F-4982-B02E-D491DBE3FC7E}.Debug|Any CPU.Build.0 = Debug|Any CPU
		{B538E223-D93F-4982-B02E-D491DBE3FC7E}.Release|Any CPU.ActiveCfg = Release|Any CPU
		{B538E223-D93F-4982-B02E-D491DBE3FC7E}.Release|Any CPU.Build.0 = Release|Any CPU
		{002F22D6-D122-4BC5-BF8F-4DC7011AB968}.Debug|Any CPU.ActiveCfg = Debug|Any CPU
		{002F22D6-D122-4BC5-BF8F-4DC7011AB968}.Debug|Any CPU.Build.0 = Debug|Any CPU
		{002F22D6-D122-4BC5-BF8F-4DC7011AB968}.Release|Any CPU.ActiveCfg = Release|Any CPU
		{002F22D6-D122-4BC5-BF8F-4DC7011AB968}.Release|Any CPU.Build.0 = Release|Any CPU
		{A41B3886-07C5-47CC-9F4A-39BF670EEF8C}.Debug|Any CPU.ActiveCfg = Debug|Any CPU
		{A41B3886-07C5-47CC-9F4A-39BF670EEF8C}.Debug|Any CPU.Build.0 = Debug|Any CPU
		{A41B3886-07C5-47CC-9F4A-39BF670EEF8C}.Release|Any CPU.ActiveCfg = Release|Any CPU
		{A41B3886-07C5-47CC-9F4A-39BF670EEF8C}.Release|Any CPU.Build.0 = Release|Any CPU
		{09E7398F-C6A4-49FB-8FDA-493B4FEDE0E7}.Debug|Any CPU.ActiveCfg = Debug|Any CPU
		{09E7398F-C6A4-49FB-8FDA-493B4FEDE0E7}.Debug|Any CPU.Build.0 = Debug|Any CPU
		{09E7398F-C6A4-49FB-8FDA-493B4FEDE0E7}.Release|Any CPU.ActiveCfg = Release|Any CPU
		{09E7398F-C6A4-49FB-8FDA-493B4FEDE0E7}.Release|Any CPU.Build.0 = Release|Any CPU
	EndGlobalSection
	GlobalSection(SolutionProperties) = preSolution
		HideSolutionNode = FALSE
	EndGlobalSection
	GlobalSection(ExtensibilityGlobals) = postSolution
		SolutionGuid = {1EAFEFAC-EDAD-4246-BD05-046BC2978235}
	EndGlobalSection
EndGlobal
