
Microsoft Visual Studio Solution File, Format Version 12.00
# Visual Studio Version 17
VisualStudioVersion = 17.4.33103.184
MinimumVisualStudioVersion = 10.0.40219.1
Project("{FAE04EC0-301F-11D3-BF4B-00C04F79EFBC}") = "Count Real Numbers", "Count Real Numbers\Count Real Numbers.csproj", "{C26E6249-F675-4303-A83F-6064A6E0192D}"
EndProject
Project("{FAE04EC0-301F-11D3-BF4B-00C04F79EFBC}") = "Min,Max,Sum,Avrg", "Min,Max,Sum,Avrg\Min,Max,Sum,Avrg.csproj", "{FF468601-2B77-42D7-9F18-B5A89BDE7379}"
EndProject
Project("{FAE04EC0-301F-11D3-BF4B-00C04F79EFBC}") = "Largest 3 Numbers", "Largest 3 Numbers\Largest 3 Numbers.csproj", "{B476A111-2235-4738-AA39-E1771A06FF87}"
EndProject
Project("{FAE04EC0-301F-11D3-BF4B-00C04F79EFBC}") = "Short Words Sorted", "Short Words Sorted\Short Words Sorted.csproj", "{3BDC5E1A-ACE6-45F5-994F-2C8BB4C632DD}"
EndProject
Project("{FAE04EC0-301F-11D3-BF4B-00C04F79EFBC}") = "Fold And Sum", "Fold And Sum\Fold And Sum.csproj", "{D7ADA49F-7129-40F7-AE18-6AE476ECA370}"
EndProject
Global
	GlobalSection(SolutionConfigurationPlatforms) = preSolution
		Debug|Any CPU = Debug|Any CPU
		Release|Any CPU = Release|Any CPU
	EndGlobalSection
	GlobalSection(ProjectConfigurationPlatforms) = postSolution
		{C26E6249-F675-4303-A83F-6064A6E0192D}.Debug|Any CPU.ActiveCfg = Debug|Any CPU
		{C26E6249-F675-4303-A83F-6064A6E0192D}.Debug|Any CPU.Build.0 = Debug|Any CPU
		{C26E6249-F675-4303-A83F-6064A6E0192D}.Release|Any CPU.ActiveCfg = Release|Any CPU
		{C26E6249-F675-4303-A83F-6064A6E0192D}.Release|Any CPU.Build.0 = Release|Any CPU
		{FF468601-2B77-42D7-9F18-B5A89BDE7379}.Debug|Any CPU.ActiveCfg = Debug|Any CPU
		{FF468601-2B77-42D7-9F18-B5A89BDE7379}.Debug|Any CPU.Build.0 = Debug|Any CPU
		{FF468601-2B77-42D7-9F18-B5A89BDE7379}.Release|Any CPU.ActiveCfg = Release|Any CPU
		{FF468601-2B77-42D7-9F18-B5A89BDE7379}.Release|Any CPU.Build.0 = Release|Any CPU
		{B476A111-2235-4738-AA39-E1771A06FF87}.Debug|Any CPU.ActiveCfg = Debug|Any CPU
		{B476A111-2235-4738-AA39-E1771A06FF87}.Debug|Any CPU.Build.0 = Debug|Any CPU
		{B476A111-2235-4738-AA39-E1771A06FF87}.Release|Any CPU.ActiveCfg = Release|Any CPU
		{B476A111-2235-4738-AA39-E1771A06FF87}.Release|Any CPU.Build.0 = Release|Any CPU
		{3BDC5E1A-ACE6-45F5-994F-2C8BB4C632DD}.Debug|Any CPU.ActiveCfg = Debug|Any CPU
		{3BDC5E1A-ACE6-45F5-994F-2C8BB4C632DD}.Debug|Any CPU.Build.0 = Debug|Any CPU
		{3BDC5E1A-ACE6-45F5-994F-2C8BB4C632DD}.Release|Any CPU.ActiveCfg = Release|Any CPU
		{3BDC5E1A-ACE6-45F5-994F-2C8BB4C632DD}.Release|Any CPU.Build.0 = Release|Any CPU
		{D7ADA49F-7129-40F7-AE18-6AE476ECA370}.Debug|Any CPU.ActiveCfg = Debug|Any CPU
		{D7ADA49F-7129-40F7-AE18-6AE476ECA370}.Debug|Any CPU.Build.0 = Debug|Any CPU
		{D7ADA49F-7129-40F7-AE18-6AE476ECA370}.Release|Any CPU.ActiveCfg = Release|Any CPU
		{D7ADA49F-7129-40F7-AE18-6AE476ECA370}.Release|Any CPU.Build.0 = Release|Any CPU
	EndGlobalSection
	GlobalSection(SolutionProperties) = preSolution
		HideSolutionNode = FALSE
	EndGlobalSection
	GlobalSection(ExtensibilityGlobals) = postSolution
		SolutionGuid = {7C2568DB-823D-42AA-9328-6C560CB43484}
	EndGlobalSection
EndGlobal
