
Microsoft Visual Studio Solution File, Format Version 12.00
# Visual Studio Version 17
VisualStudioVersion = 17.5.33414.496
MinimumVisualStudioVersion = 10.0.40219.1
Project("{FAE04EC0-301F-11D3-BF4B-00C04F79EFBC}") = "PersonInfo", "PersonInfo\PersonInfo.csproj", "{6446734D-53E4-4B46-9423-0F9A42BC3E37}"
EndProject
Project("{FAE04EC0-301F-11D3-BF4B-00C04F79EFBC}") = "Telephony", "Telephony\Telephony.csproj", "{8A6F18A3-4B74-4A5E-B744-53839014D8F9}"
EndProject
Project("{FAE04EC0-301F-11D3-BF4B-00C04F79EFBC}") = "BorderControl", "BorderControl\BorderControl.csproj", "{615B9826-B324-4EE2-A403-DDCA4A3B250A}"
EndProject
Project("{FAE04EC0-301F-11D3-BF4B-00C04F79EFBC}") = "FoodShortage", "FoodShortage\FoodShortage.csproj", "{B1B0B104-54BD-4FEF-93AA-8BE55F10121F}"
EndProject
Global
	GlobalSection(SolutionConfigurationPlatforms) = preSolution
		Debug|Any CPU = Debug|Any CPU
		Release|Any CPU = Release|Any CPU
	EndGlobalSection
	GlobalSection(ProjectConfigurationPlatforms) = postSolution
		{6446734D-53E4-4B46-9423-0F9A42BC3E37}.Debug|Any CPU.ActiveCfg = Debug|Any CPU
		{6446734D-53E4-4B46-9423-0F9A42BC3E37}.Debug|Any CPU.Build.0 = Debug|Any CPU
		{6446734D-53E4-4B46-9423-0F9A42BC3E37}.Release|Any CPU.ActiveCfg = Release|Any CPU
		{6446734D-53E4-4B46-9423-0F9A42BC3E37}.Release|Any CPU.Build.0 = Release|Any CPU
		{8A6F18A3-4B74-4A5E-B744-53839014D8F9}.Debug|Any CPU.ActiveCfg = Debug|Any CPU
		{8A6F18A3-4B74-4A5E-B744-53839014D8F9}.Debug|Any CPU.Build.0 = Debug|Any CPU
		{8A6F18A3-4B74-4A5E-B744-53839014D8F9}.Release|Any CPU.ActiveCfg = Release|Any CPU
		{8A6F18A3-4B74-4A5E-B744-53839014D8F9}.Release|Any CPU.Build.0 = Release|Any CPU
		{615B9826-B324-4EE2-A403-DDCA4A3B250A}.Debug|Any CPU.ActiveCfg = Debug|Any CPU
		{615B9826-B324-4EE2-A403-DDCA4A3B250A}.Debug|Any CPU.Build.0 = Debug|Any CPU
		{615B9826-B324-4EE2-A403-DDCA4A3B250A}.Release|Any CPU.ActiveCfg = Release|Any CPU
		{615B9826-B324-4EE2-A403-DDCA4A3B250A}.Release|Any CPU.Build.0 = Release|Any CPU
		{B1B0B104-54BD-4FEF-93AA-8BE55F10121F}.Debug|Any CPU.ActiveCfg = Debug|Any CPU
		{B1B0B104-54BD-4FEF-93AA-8BE55F10121F}.Debug|Any CPU.Build.0 = Debug|Any CPU
		{B1B0B104-54BD-4FEF-93AA-8BE55F10121F}.Release|Any CPU.ActiveCfg = Release|Any CPU
		{B1B0B104-54BD-4FEF-93AA-8BE55F10121F}.Release|Any CPU.Build.0 = Release|Any CPU
	EndGlobalSection
	GlobalSection(SolutionProperties) = preSolution
		HideSolutionNode = FALSE
	EndGlobalSection
	GlobalSection(ExtensibilityGlobals) = postSolution
		SolutionGuid = {CAA035E5-E0D6-45E0-8E6D-B64D39CF757D}
	EndGlobalSection
EndGlobal
