
Microsoft Visual Studio Solution File, Format Version 12.00
# Visual Studio Version 17
VisualStudioVersion = 17.4.33205.214
MinimumVisualStudioVersion = 10.0.40219.1
Project("{FAE04EC0-301F-11D3-BF4B-00C04F79EFBC}") = "Sort Even Numbers", "Sort Even Numbers\Sort Even Numbers.csproj", "{37E9EDE5-0BAA-4B4C-8C07-4EFC065CB3B7}"
EndProject
Project("{FAE04EC0-301F-11D3-BF4B-00C04F79EFBC}") = "Sum Numbers", "Sum Numbers\Sum Numbers.csproj", "{7A20AA86-D47C-4BB2-A2B0-DD72499F807A}"
EndProject
Project("{FAE04EC0-301F-11D3-BF4B-00C04F79EFBC}") = "Count Uppercase Words", "Count Uppercase Words\Count Uppercase Words.csproj", "{23571232-11BD-4D66-947C-EF46D2091EEA}"
EndProject
Project("{FAE04EC0-301F-11D3-BF4B-00C04F79EFBC}") = "Add VAT", "Add VAT\Add VAT.csproj", "{6171340E-88CA-4EE4-A4C7-50808105C2B4}"
EndProject
Project("{FAE04EC0-301F-11D3-BF4B-00C04F79EFBC}") = "Filter By Age", "Filter By Age\Filter By Age.csproj", "{67876E81-9EF9-412A-B467-07315866BAC5}"
EndProject
Global
	GlobalSection(SolutionConfigurationPlatforms) = preSolution
		Debug|Any CPU = Debug|Any CPU
		Release|Any CPU = Release|Any CPU
	EndGlobalSection
	GlobalSection(ProjectConfigurationPlatforms) = postSolution
		{37E9EDE5-0BAA-4B4C-8C07-4EFC065CB3B7}.Debug|Any CPU.ActiveCfg = Debug|Any CPU
		{37E9EDE5-0BAA-4B4C-8C07-4EFC065CB3B7}.Debug|Any CPU.Build.0 = Debug|Any CPU
		{37E9EDE5-0BAA-4B4C-8C07-4EFC065CB3B7}.Release|Any CPU.ActiveCfg = Release|Any CPU
		{37E9EDE5-0BAA-4B4C-8C07-4EFC065CB3B7}.Release|Any CPU.Build.0 = Release|Any CPU
		{7A20AA86-D47C-4BB2-A2B0-DD72499F807A}.Debug|Any CPU.ActiveCfg = Debug|Any CPU
		{7A20AA86-D47C-4BB2-A2B0-DD72499F807A}.Debug|Any CPU.Build.0 = Debug|Any CPU
		{7A20AA86-D47C-4BB2-A2B0-DD72499F807A}.Release|Any CPU.ActiveCfg = Release|Any CPU
		{7A20AA86-D47C-4BB2-A2B0-DD72499F807A}.Release|Any CPU.Build.0 = Release|Any CPU
		{23571232-11BD-4D66-947C-EF46D2091EEA}.Debug|Any CPU.ActiveCfg = Debug|Any CPU
		{23571232-11BD-4D66-947C-EF46D2091EEA}.Debug|Any CPU.Build.0 = Debug|Any CPU
		{23571232-11BD-4D66-947C-EF46D2091EEA}.Release|Any CPU.ActiveCfg = Release|Any CPU
		{23571232-11BD-4D66-947C-EF46D2091EEA}.Release|Any CPU.Build.0 = Release|Any CPU
		{6171340E-88CA-4EE4-A4C7-50808105C2B4}.Debug|Any CPU.ActiveCfg = Debug|Any CPU
		{6171340E-88CA-4EE4-A4C7-50808105C2B4}.Debug|Any CPU.Build.0 = Debug|Any CPU
		{6171340E-88CA-4EE4-A4C7-50808105C2B4}.Release|Any CPU.ActiveCfg = Release|Any CPU
		{6171340E-88CA-4EE4-A4C7-50808105C2B4}.Release|Any CPU.Build.0 = Release|Any CPU
		{67876E81-9EF9-412A-B467-07315866BAC5}.Debug|Any CPU.ActiveCfg = Debug|Any CPU
		{67876E81-9EF9-412A-B467-07315866BAC5}.Debug|Any CPU.Build.0 = Debug|Any CPU
		{67876E81-9EF9-412A-B467-07315866BAC5}.Release|Any CPU.ActiveCfg = Release|Any CPU
		{67876E81-9EF9-412A-B467-07315866BAC5}.Release|Any CPU.Build.0 = Release|Any CPU
	EndGlobalSection
	GlobalSection(SolutionProperties) = preSolution
		HideSolutionNode = FALSE
	EndGlobalSection
	GlobalSection(ExtensibilityGlobals) = postSolution
		SolutionGuid = {D76FDD4F-918F-4730-8763-69C27AD45DEE}
	EndGlobalSection
EndGlobal
